
Microsoft Visual Studio Solution File, Format Version 12.00
# Visual Studio Version 17
VisualStudioVersion = 17.4.33122.133
MinimumVisualStudioVersion = 10.0.40219.1
Project("{2150E333-8FDC-42A3-9474-1A3956D46DE8}") = "Bridges", "Bridges", "{0B935C7A-3976-4BEB-BE6C-C951C76E7177}"
EndProject
Project("{2150E333-8FDC-42A3-9474-1A3956D46DE8}") = "Examples", "Examples", "{CC95689A-4922-42BB-9D07-4394689218C7}"
EndProject
Project("{9A19103F-16F7-4668-BE54-9A1E7A4F7556}") = "SeetaFace6Sharp", "SeetaFace6Sharp\SeetaFace6Sharp.csproj", "{AE790FBD-A2ED-4B48-A378-8F8DC585396F}"
EndProject
Project("{2150E333-8FDC-42A3-9474-1A3956D46DE8}") = "Scripts", "Scripts", "{C5B0E8EA-FC61-44D7-979B-4F18BF0F5041}"
	ProjectSection(SolutionItems) = preProject
		Scripts\copy_cpu_seetaface6binary.bat = Scripts\copy_cpu_seetaface6binary.bat
		Scripts\copy_gpu_seetaface6binary.bat = Scripts\copy_gpu_seetaface6binary.bat
		Scripts\pack_all.bat = Scripts\pack_all.bat
		Scripts\pack_all_without_models.bat = Scripts\pack_all_without_models.bat
		Scripts\pack_gpu_runtime.bat = Scripts\pack_gpu_runtime.bat
	EndProjectSection
EndProject
Project("{2150E333-8FDC-42A3-9474-1A3956D46DE8}") = "Runtimes", "Runtimes", "{8FD6FB52-6A56-4DA4-8B17-434D4D4A7942}"
	ProjectSection(SolutionItems) = preProject
		Runtimes\README.md = Runtimes\README.md
	EndProjectSection
EndProject
Project("{9A19103F-16F7-4668-BE54-9A1E7A4F7556}") = "SeetaFace6Sharp.runtime.linux.arm", "Runtimes\SeetaFace6Sharp.runtime.linux.arm\SeetaFace6Sharp.runtime.linux.arm.csproj", "{2A695A8D-7E61-4050-8E0F-733C2F2A0F9C}"
EndProject
Project("{9A19103F-16F7-4668-BE54-9A1E7A4F7556}") = "SeetaFace6Sharp.runtime.linux.arm64", "Runtimes\SeetaFace6Sharp.runtime.linux.arm64\SeetaFace6Sharp.runtime.linux.arm64.csproj", "{AC6C96C6-505A-459F-BD1C-7E5F8414A24C}"
EndProject
Project("{9A19103F-16F7-4668-BE54-9A1E7A4F7556}") = "SeetaFace6Sharp.runtime.win.x64", "Runtimes\SeetaFace6Sharp.runtime.win.x64\SeetaFace6Sharp.runtime.win.x64.csproj", "{B6CA10C2-D666-487C-A589-421E62FF3B62}"
EndProject
Project("{9A19103F-16F7-4668-BE54-9A1E7A4F7556}") = "SeetaFace6Sharp.runtime.win.x86", "Runtimes\SeetaFace6Sharp.runtime.win.x86\SeetaFace6Sharp.runtime.win.x86.csproj", "{2EC8076D-E848-4C45-B039-B5965B7ED66C}"
EndProject
Project("{2150E333-8FDC-42A3-9474-1A3956D46DE8}") = "Models", "Models", "{788A56FD-BFD6-42C6-BA00-B4492D5DFDFA}"
	ProjectSection(SolutionItems) = preProject
		Models\README.md = Models\README.md
	EndProjectSection
EndProject
Project("{2150E333-8FDC-42A3-9474-1A3956D46DE8}") = "Tests", "Tests", "{17B2A3E4-1737-4784-82A5-87A9F530978D}"
EndProject
Project("{9A19103F-16F7-4668-BE54-9A1E7A4F7556}") = "SeetaFace6Sharp.model.age_predictor", "Models\SeetaFace6Sharp.model.age_predictor\SeetaFace6Sharp.model.age_predictor.csproj", "{D23065AE-90AD-464B-A42C-6F1C864EF2D2}"
EndProject
Project("{9A19103F-16F7-4668-BE54-9A1E7A4F7556}") = "SeetaFace6Sharp.model.eye_state", "Models\SeetaFace6Sharp.model.eye_state\SeetaFace6Sharp.model.eye_state.csproj", "{29767081-451F-4106-8D2C-7E77532622C7}"
EndProject
Project("{9A19103F-16F7-4668-BE54-9A1E7A4F7556}") = "SeetaFace6Sharp.model.face_detector", "Models\SeetaFace6Sharp.model.face_detector\SeetaFace6Sharp.model.face_detector.csproj", "{F0E66175-7835-4475-AC9D-E052E26F5531}"
EndProject
Project("{9A19103F-16F7-4668-BE54-9A1E7A4F7556}") = "SeetaFace6Sharp.model.face_landmarker_mask_pts5", "Models\SeetaFace6Sharp.model.face_landmarker_mask_pts5\SeetaFace6Sharp.model.face_landmarker_mask_pts5.csproj", "{9346AFB0-C58D-4517-9012-99FB6960C4C1}"
EndProject
Project("{9A19103F-16F7-4668-BE54-9A1E7A4F7556}") = "SeetaFace6Sharp.model.face_landmarker_pts5", "Models\SeetaFace6Sharp.model.face_landmarker_pts5\SeetaFace6Sharp.model.face_landmarker_pts5.csproj", "{F554AC25-C497-475B-870E-F0F1D8CB7081}"
EndProject
Project("{9A19103F-16F7-4668-BE54-9A1E7A4F7556}") = "SeetaFace6Sharp.model.face_landmarker_pts68", "Models\SeetaFace6Sharp.model.face_landmarker_pts68\SeetaFace6Sharp.model.face_landmarker_pts68.csproj", "{54DEE0C3-A24B-41DF-9F0F-6E007E2FDAD1}"
EndProject
Project("{9A19103F-16F7-4668-BE54-9A1E7A4F7556}") = "SeetaFace6Sharp.model.face_recognizer", "Models\SeetaFace6Sharp.model.face_recognizer\SeetaFace6Sharp.model.face_recognizer.csproj", "{9ABA3C71-A7C1-44BD-97C8-9F62462C3435}"
EndProject
Project("{9A19103F-16F7-4668-BE54-9A1E7A4F7556}") = "SeetaFace6Sharp.model.face_recognizer_light", "Models\SeetaFace6Sharp.model.face_recognizer_light\SeetaFace6Sharp.model.face_recognizer_light.csproj", "{9FB11981-C477-4D74-A1BF-A05CA1BC2CAE}"
EndProject
Project("{9A19103F-16F7-4668-BE54-9A1E7A4F7556}") = "SeetaFace6Sharp.model.face_recognizer_mask", "Models\SeetaFace6Sharp.model.face_recognizer_mask\SeetaFace6Sharp.model.face_recognizer_mask.csproj", "{6E8C58AE-D94A-4032-BFA3-8BDCBBFBBC96}"
EndProject
Project("{9A19103F-16F7-4668-BE54-9A1E7A4F7556}") = "SeetaFace6Sharp.model.fas_first", "Models\SeetaFace6Sharp.model.fas_first\SeetaFace6Sharp.model.fas_first.csproj", "{95536CF1-F46E-4DC6-8489-DF19717239C9}"
EndProject
Project("{9A19103F-16F7-4668-BE54-9A1E7A4F7556}") = "SeetaFace6Sharp.model.fas_second", "Models\SeetaFace6Sharp.model.fas_second\SeetaFace6Sharp.model.fas_second.csproj", "{69ADC8E9-4BFA-4F61-A20B-82463FAF2785}"
EndProject
Project("{9A19103F-16F7-4668-BE54-9A1E7A4F7556}") = "SeetaFace6Sharp.model.gender_predictor", "Models\SeetaFace6Sharp.model.gender_predictor\SeetaFace6Sharp.model.gender_predictor.csproj", "{7F32451C-329A-4B62-86E7-EC457C3B8D18}"
EndProject
Project("{9A19103F-16F7-4668-BE54-9A1E7A4F7556}") = "SeetaFace6Sharp.model.mask_detector", "Models\SeetaFace6Sharp.model.mask_detector\SeetaFace6Sharp.model.mask_detector.csproj", "{6139D83D-C7C8-418D-902E-CA1E5EDAD610}"
EndProject
Project("{9A19103F-16F7-4668-BE54-9A1E7A4F7556}") = "SeetaFace6Sharp.model.pose_estimation", "Models\SeetaFace6Sharp.model.pose_estimation\SeetaFace6Sharp.model.pose_estimation.csproj", "{CB92750D-87A8-47D4-81F5-D67DA716E1F2}"
EndProject
Project("{9A19103F-16F7-4668-BE54-9A1E7A4F7556}") = "SeetaFace6Sharp.model.quality_lbn", "Models\SeetaFace6Sharp.model.quality_lbn\SeetaFace6Sharp.model.quality_lbn.csproj", "{CE3B5CF8-6073-4CA2-A5E4-34C7937A4840}"
EndProject
Project("{2150E333-8FDC-42A3-9474-1A3956D46DE8}") = "Extensions", "Extensions", "{B3011D64-BBB5-4308-A606-3B3704FD9953}"
EndProject
Project("{9A19103F-16F7-4668-BE54-9A1E7A4F7556}") = "SeetaFace6Sharp.Extension.DependencyInjection", "Extensions\SeetaFace6Sharp.Extension.DependencyInjection\SeetaFace6Sharp.Extension.DependencyInjection.csproj", "{02EEF3BC-7EFA-4F2B-A850-9014B9FF99DC}"
EndProject
Project("{9A19103F-16F7-4668-BE54-9A1E7A4F7556}") = "SeetaFace6Sharp.Extension.ImageSharp", "Extensions\SeetaFace6Sharp.Extension.ImageSharp\SeetaFace6Sharp.Extension.ImageSharp.csproj", "{85093C14-6C8A-4B16-ADBC-172A2E954A46}"
EndProject
Project("{9A19103F-16F7-4668-BE54-9A1E7A4F7556}") = "SeetaFace6Sharp.Extension.SkiaSharp", "Extensions\SeetaFace6Sharp.Extension.SkiaSharp\SeetaFace6Sharp.Extension.SkiaSharp.csproj", "{4DC006AA-4956-45C4-BFB7-63149B58B883}"
EndProject
Project("{9A19103F-16F7-4668-BE54-9A1E7A4F7556}") = "SeetaFace6Sharp.Extension.SystemDrawing", "Extensions\SeetaFace6Sharp.Extension.SystemDrawing\SeetaFace6Sharp.Extension.SystemDrawing.csproj", "{F16308C5-6FC1-40B7-AE57-A3DF87E48B48}"
EndProject
Project("{8BC9CEB8-8B4A-11D0-8D11-00A0C91BC942}") = "Shared", "Bridges\Shared\Shared.vcxitems", "{59D7F386-8018-44BC-B2BD-6AB32A264EE1}"
EndProject
Project("{8BC9CEB8-8B4A-11D0-8D11-00A0C91BC942}") = "SeetaFace6Bridge", "Bridges\Linux\SeetaFace6Bridge\SeetaFace6Bridge.vcxproj", "{C2228FA7-AAE7-40A9-B858-DD2B62871928}"
EndProject
Project("{2150E333-8FDC-42A3-9474-1A3956D46DE8}") = "Linux", "Linux", "{2DFB9E35-AE35-497A-AECC-6B8C82BD42C7}"
EndProject
Project("{8BC9CEB8-8B4A-11D0-8D11-00A0C91BC942}") = "SeetaFace6Bridge", "Bridges\Windows\SeetaFace6Bridge\SeetaFace6Bridge.vcxproj", "{88E8AE97-D78C-4DC3-9823-FAAD5FC4110F}"
EndProject
Project("{2150E333-8FDC-42A3-9474-1A3956D46DE8}") = "Windows", "Windows", "{9502BAAE-7B68-4AA2-82C8-B06486780929}"
EndProject
Project("{9A19103F-16F7-4668-BE54-9A1E7A4F7556}") = "SeetaFace6Sharp.runtime.win.x64_gpu", "Runtimes\SeetaFace6Sharp.runtime.win.x64_gpu\SeetaFace6Sharp.runtime.win.x64_gpu.csproj", "{A74EA158-58B6-4650-AAAE-63F98D68B55A}"
EndProject
Project("{9A19103F-16F7-4668-BE54-9A1E7A4F7556}") = "SeetaFace6Sharp.runtime.linux.debian.x64", "Runtimes\SeetaFace6Sharp.runtime.linux.debian.x64\SeetaFace6Sharp.runtime.linux.debian.x64.csproj", "{CF4C5C17-B8C5-47B5-9ED6-A6F8C97C5649}"
EndProject
Project("{9A19103F-16F7-4668-BE54-9A1E7A4F7556}") = "SeetaFace6Sharp.model.all", "Models\SeetaFace6Sharp.model.all\SeetaFace6Sharp.model.all.csproj", "{2D086507-5E31-4F5C-9BF3-6EA89EEF8A9A}"
EndProject
Project("{9A19103F-16F7-4668-BE54-9A1E7A4F7556}") = "SeetaFace6Sharp.Example.ConsoleApp", "Examples\SeetaFace6Sharp.Example.ConsoleApp\SeetaFace6Sharp.Example.ConsoleApp.csproj", "{BEB14A1E-6525-4293-9CEB-596A30C9992F}"
EndProject
Project("{9A19103F-16F7-4668-BE54-9A1E7A4F7556}") = "SeetaFace6Sharp.Example.WebApp", "Examples\SeetaFace6Sharp.Example.WebApp\SeetaFace6Sharp.Example.WebApp.csproj", "{9A3EFF18-0C61-4C16-9741-320E6B6D14F0}"
EndProject
Project("{FAE04EC0-301F-11D3-BF4B-00C04F79EFBC}") = "SeetaFace6Sharp.Example.VideoForm", "Examples\SeetaFace6Sharp.Example.VideoForm\SeetaFace6Sharp.Example.VideoForm.csproj", "{828ECF52-ADCD-446B-A8A4-95033CDE4584}"
EndProject
Project("{9A19103F-16F7-4668-BE54-9A1E7A4F7556}") = "SeetaFace6SharpTests", "Tests\SeetaFace6SharpTests\SeetaFace6SharpTests.csproj", "{0532EFB9-7F9C-4751-A6A0-DB42CDBFD890}"
EndProject
Project("{9A19103F-16F7-4668-BE54-9A1E7A4F7556}") = "SeetaFace6Sharp.PerformanceTest", "Tests\SeetaFace6Sharp.PerformanceTest\SeetaFace6Sharp.PerformanceTest.csproj", "{AD34ECA2-0102-4568-9559-F40ADFE2885F}"
EndProject
Project("{9A19103F-16F7-4668-BE54-9A1E7A4F7556}") = "SeetaFace6Sharp.Example.Camera", "Examples\SeetaFace6Sharp.Example.Camera\SeetaFace6Sharp.Example.Camera.csproj", "{58C272DD-CA10-4E06-A03B-16AC4BB58C5E}"
EndProject
Project("{FAE04EC0-301F-11D3-BF4B-00C04F79EFBC}") = "SeetaFace6Sharp.ConsoleTest", "Tests\SeetaFace6Sharp.ConsoleTest\SeetaFace6Sharp.ConsoleTest.csproj", "{8D12CE24-B009-44AB-A622-B6B44329F4D0}"
EndProject
Project("{FAE04EC0-301F-11D3-BF4B-00C04F79EFBC}") = "SeetaFace6Sharp.runtime.linux.loongarch64-abi1", "Runtimes\SeetaFace6Sharp.runtime.linux.loongarch64-abi1\SeetaFace6Sharp.runtime.linux.loongarch64-abi1.csproj", "{742E85FF-2429-4469-9C8A-551B486E1D74}"
EndProject
Global
	GlobalSection(SolutionConfigurationPlatforms) = preSolution
		Debug|Any CPU = Debug|Any CPU
		Debug|ARM = Debug|ARM
		Debug|ARM64 = Debug|ARM64
		Debug|LoongArch64-ABI1 = Debug|LoongArch64-ABI1
		Debug|x64 = Debug|x64
		Debug|x86 = Debug|x86
		Release|Any CPU = Release|Any CPU
		Release|ARM = Release|ARM
		Release|ARM64 = Release|ARM64
		Release|LoongArch64-ABI1 = Release|LoongArch64-ABI1
		Release|x64 = Release|x64
		Release|x86 = Release|x86
	EndGlobalSection
	GlobalSection(ProjectConfigurationPlatforms) = postSolution
		{AE790FBD-A2ED-4B48-A378-8F8DC585396F}.Debug|Any CPU.ActiveCfg = Debug|x64
		{AE790FBD-A2ED-4B48-A378-8F8DC585396F}.Debug|Any CPU.Build.0 = Debug|x64
		{AE790FBD-A2ED-4B48-A378-8F8DC585396F}.Debug|ARM.ActiveCfg = Debug|ARM
		{AE790FBD-A2ED-4B48-A378-8F8DC585396F}.Debug|ARM.Build.0 = Debug|ARM
		{AE790FBD-A2ED-4B48-A378-8F8DC585396F}.Debug|ARM64.ActiveCfg = Debug|Any CPU
		{AE790FBD-A2ED-4B48-A378-8F8DC585396F}.Debug|ARM64.Build.0 = Debug|Any CPU
		{AE790FBD-A2ED-4B48-A378-8F8DC585396F}.Debug|LoongArch64-ABI1.ActiveCfg = Debug|Any CPU
		{AE790FBD-A2ED-4B48-A378-8F8DC585396F}.Debug|LoongArch64-ABI1.Build.0 = Debug|Any CPU
		{AE790FBD-A2ED-4B48-A378-8F8DC585396F}.Debug|x64.ActiveCfg = Debug|x64
		{AE790FBD-A2ED-4B48-A378-8F8DC585396F}.Debug|x64.Build.0 = Debug|x64
		{AE790FBD-A2ED-4B48-A378-8F8DC585396F}.Debug|x86.ActiveCfg = Debug|x86
		{AE790FBD-A2ED-4B48-A378-8F8DC585396F}.Debug|x86.Build.0 = Debug|x86
		{AE790FBD-A2ED-4B48-A378-8F8DC585396F}.Release|Any CPU.ActiveCfg = Release|Any CPU
		{AE790FBD-A2ED-4B48-A378-8F8DC585396F}.Release|Any CPU.Build.0 = Release|Any CPU
		{AE790FBD-A2ED-4B48-A378-8F8DC585396F}.Release|ARM.ActiveCfg = Release|Any CPU
		{AE790FBD-A2ED-4B48-A378-8F8DC585396F}.Release|ARM.Build.0 = Release|Any CPU
		{AE790FBD-A2ED-4B48-A378-8F8DC585396F}.Release|ARM64.ActiveCfg = Release|Any CPU
		{AE790FBD-A2ED-4B48-A378-8F8DC585396F}.Release|ARM64.Build.0 = Release|Any CPU
		{AE790FBD-A2ED-4B48-A378-8F8DC585396F}.Release|LoongArch64-ABI1.ActiveCfg = Release|Any CPU
		{AE790FBD-A2ED-4B48-A378-8F8DC585396F}.Release|LoongArch64-ABI1.Build.0 = Release|Any CPU
		{AE790FBD-A2ED-4B48-A378-8F8DC585396F}.Release|x64.ActiveCfg = Release|x64
		{AE790FBD-A2ED-4B48-A378-8F8DC585396F}.Release|x64.Build.0 = Release|x64
		{AE790FBD-A2ED-4B48-A378-8F8DC585396F}.Release|x86.ActiveCfg = Release|x86
		{AE790FBD-A2ED-4B48-A378-8F8DC585396F}.Release|x86.Build.0 = Release|x86
		{2A695A8D-7E61-4050-8E0F-733C2F2A0F9C}.Debug|Any CPU.ActiveCfg = Debug|Any CPU
		{2A695A8D-7E61-4050-8E0F-733C2F2A0F9C}.Debug|Any CPU.Build.0 = Debug|Any CPU
		{2A695A8D-7E61-4050-8E0F-733C2F2A0F9C}.Debug|ARM.ActiveCfg = Debug|Any CPU
		{2A695A8D-7E61-4050-8E0F-733C2F2A0F9C}.Debug|ARM.Build.0 = Debug|Any CPU
		{2A695A8D-7E61-4050-8E0F-733C2F2A0F9C}.Debug|ARM64.ActiveCfg = Debug|Any CPU
		{2A695A8D-7E61-4050-8E0F-733C2F2A0F9C}.Debug|ARM64.Build.0 = Debug|Any CPU
		{2A695A8D-7E61-4050-8E0F-733C2F2A0F9C}.Debug|LoongArch64-ABI1.ActiveCfg = Debug|Any CPU
		{2A695A8D-7E61-4050-8E0F-733C2F2A0F9C}.Debug|LoongArch64-ABI1.Build.0 = Debug|Any CPU
		{2A695A8D-7E61-4050-8E0F-733C2F2A0F9C}.Debug|x64.ActiveCfg = Debug|Any CPU
		{2A695A8D-7E61-4050-8E0F-733C2F2A0F9C}.Debug|x64.Build.0 = Debug|Any CPU
		{2A695A8D-7E61-4050-8E0F-733C2F2A0F9C}.Debug|x86.ActiveCfg = Debug|Any CPU
		{2A695A8D-7E61-4050-8E0F-733C2F2A0F9C}.Debug|x86.Build.0 = Debug|Any CPU
		{2A695A8D-7E61-4050-8E0F-733C2F2A0F9C}.Release|Any CPU.ActiveCfg = Release|Any CPU
		{2A695A8D-7E61-4050-8E0F-733C2F2A0F9C}.Release|Any CPU.Build.0 = Release|Any CPU
		{2A695A8D-7E61-4050-8E0F-733C2F2A0F9C}.Release|ARM.ActiveCfg = Release|Any CPU
		{2A695A8D-7E61-4050-8E0F-733C2F2A0F9C}.Release|ARM.Build.0 = Release|Any CPU
		{2A695A8D-7E61-4050-8E0F-733C2F2A0F9C}.Release|ARM64.ActiveCfg = Release|Any CPU
		{2A695A8D-7E61-4050-8E0F-733C2F2A0F9C}.Release|ARM64.Build.0 = Release|Any CPU
		{2A695A8D-7E61-4050-8E0F-733C2F2A0F9C}.Release|LoongArch64-ABI1.ActiveCfg = Release|Any CPU
		{2A695A8D-7E61-4050-8E0F-733C2F2A0F9C}.Release|LoongArch64-ABI1.Build.0 = Release|Any CPU
		{2A695A8D-7E61-4050-8E0F-733C2F2A0F9C}.Release|x64.ActiveCfg = Release|Any CPU
		{2A695A8D-7E61-4050-8E0F-733C2F2A0F9C}.Release|x64.Build.0 = Release|Any CPU
		{2A695A8D-7E61-4050-8E0F-733C2F2A0F9C}.Release|x86.ActiveCfg = Release|Any CPU
		{2A695A8D-7E61-4050-8E0F-733C2F2A0F9C}.Release|x86.Build.0 = Release|Any CPU
		{AC6C96C6-505A-459F-BD1C-7E5F8414A24C}.Debug|Any CPU.ActiveCfg = Debug|Any CPU
		{AC6C96C6-505A-459F-BD1C-7E5F8414A24C}.Debug|Any CPU.Build.0 = Debug|Any CPU
		{AC6C96C6-505A-459F-BD1C-7E5F8414A24C}.Debug|ARM.ActiveCfg = Debug|Any CPU
		{AC6C96C6-505A-459F-BD1C-7E5F8414A24C}.Debug|ARM.Build.0 = Debug|Any CPU
		{AC6C96C6-505A-459F-BD1C-7E5F8414A24C}.Debug|ARM64.ActiveCfg = Debug|Any CPU
		{AC6C96C6-505A-459F-BD1C-7E5F8414A24C}.Debug|ARM64.Build.0 = Debug|Any CPU
		{AC6C96C6-505A-459F-BD1C-7E5F8414A24C}.Debug|LoongArch64-ABI1.ActiveCfg = Debug|Any CPU
		{AC6C96C6-505A-459F-BD1C-7E5F8414A24C}.Debug|LoongArch64-ABI1.Build.0 = Debug|Any CPU
		{AC6C96C6-505A-459F-BD1C-7E5F8414A24C}.Debug|x64.ActiveCfg = Debug|Any CPU
		{AC6C96C6-505A-459F-BD1C-7E5F8414A24C}.Debug|x64.Build.0 = Debug|Any CPU
		{AC6C96C6-505A-459F-BD1C-7E5F8414A24C}.Debug|x86.ActiveCfg = Debug|Any CPU
		{AC6C96C6-505A-459F-BD1C-7E5F8414A24C}.Debug|x86.Build.0 = Debug|Any CPU
		{AC6C96C6-505A-459F-BD1C-7E5F8414A24C}.Release|Any CPU.ActiveCfg = Release|Any CPU
		{AC6C96C6-505A-459F-BD1C-7E5F8414A24C}.Release|Any CPU.Build.0 = Release|Any CPU
		{AC6C96C6-505A-459F-BD1C-7E5F8414A24C}.Release|ARM.ActiveCfg = Release|Any CPU
		{AC6C96C6-505A-459F-BD1C-7E5F8414A24C}.Release|ARM.Build.0 = Release|Any CPU
		{AC6C96C6-505A-459F-BD1C-7E5F8414A24C}.Release|ARM64.ActiveCfg = Release|Any CPU
		{AC6C96C6-505A-459F-BD1C-7E5F8414A24C}.Release|ARM64.Build.0 = Release|Any CPU
		{AC6C96C6-505A-459F-BD1C-7E5F8414A24C}.Release|LoongArch64-ABI1.ActiveCfg = Release|Any CPU
		{AC6C96C6-505A-459F-BD1C-7E5F8414A24C}.Release|LoongArch64-ABI1.Build.0 = Release|Any CPU
		{AC6C96C6-505A-459F-BD1C-7E5F8414A24C}.Release|x64.ActiveCfg = Release|Any CPU
		{AC6C96C6-505A-459F-BD1C-7E5F8414A24C}.Release|x64.Build.0 = Release|Any CPU
		{AC6C96C6-505A-459F-BD1C-7E5F8414A24C}.Release|x86.ActiveCfg = Release|Any CPU
		{AC6C96C6-505A-459F-BD1C-7E5F8414A24C}.Release|x86.Build.0 = Release|Any CPU
		{B6CA10C2-D666-487C-A589-421E62FF3B62}.Debug|Any CPU.ActiveCfg = Debug|Any CPU
		{B6CA10C2-D666-487C-A589-421E62FF3B62}.Debug|Any CPU.Build.0 = Debug|Any CPU
		{B6CA10C2-D666-487C-A589-421E62FF3B62}.Debug|ARM.ActiveCfg = Debug|Any CPU
		{B6CA10C2-D666-487C-A589-421E62FF3B62}.Debug|ARM.Build.0 = Debug|Any CPU
		{B6CA10C2-D666-487C-A589-421E62FF3B62}.Debug|ARM64.ActiveCfg = Debug|Any CPU
		{B6CA10C2-D666-487C-A589-421E62FF3B62}.Debug|ARM64.Build.0 = Debug|Any CPU
		{B6CA10C2-D666-487C-A589-421E62FF3B62}.Debug|LoongArch64-ABI1.ActiveCfg = Debug|Any CPU
		{B6CA10C2-D666-487C-A589-421E62FF3B62}.Debug|LoongArch64-ABI1.Build.0 = Debug|Any CPU
		{B6CA10C2-D666-487C-A589-421E62FF3B62}.Debug|x64.ActiveCfg = Debug|Any CPU
		{B6CA10C2-D666-487C-A589-421E62FF3B62}.Debug|x64.Build.0 = Debug|Any CPU
		{B6CA10C2-D666-487C-A589-421E62FF3B62}.Debug|x86.ActiveCfg = Debug|Any CPU
		{B6CA10C2-D666-487C-A589-421E62FF3B62}.Debug|x86.Build.0 = Debug|Any CPU
		{B6CA10C2-D666-487C-A589-421E62FF3B62}.Release|Any CPU.ActiveCfg = Release|Any CPU
		{B6CA10C2-D666-487C-A589-421E62FF3B62}.Release|Any CPU.Build.0 = Release|Any CPU
		{B6CA10C2-D666-487C-A589-421E62FF3B62}.Release|ARM.ActiveCfg = Release|Any CPU
		{B6CA10C2-D666-487C-A589-421E62FF3B62}.Release|ARM.Build.0 = Release|Any CPU
		{B6CA10C2-D666-487C-A589-421E62FF3B62}.Release|ARM64.ActiveCfg = Release|Any CPU
		{B6CA10C2-D666-487C-A589-421E62FF3B62}.Release|ARM64.Build.0 = Release|Any CPU
		{B6CA10C2-D666-487C-A589-421E62FF3B62}.Release|LoongArch64-ABI1.ActiveCfg = Release|Any CPU
		{B6CA10C2-D666-487C-A589-421E62FF3B62}.Release|LoongArch64-ABI1.Build.0 = Release|Any CPU
		{B6CA10C2-D666-487C-A589-421E62FF3B62}.Release|x64.ActiveCfg = Release|Any CPU
		{B6CA10C2-D666-487C-A589-421E62FF3B62}.Release|x64.Build.0 = Release|Any CPU
		{B6CA10C2-D666-487C-A589-421E62FF3B62}.Release|x86.ActiveCfg = Release|Any CPU
		{B6CA10C2-D666-487C-A589-421E62FF3B62}.Release|x86.Build.0 = Release|Any CPU
		{2EC8076D-E848-4C45-B039-B5965B7ED66C}.Debug|Any CPU.ActiveCfg = Debug|Any CPU
		{2EC8076D-E848-4C45-B039-B5965B7ED66C}.Debug|Any CPU.Build.0 = Debug|Any CPU
		{2EC8076D-E848-4C45-B039-B5965B7ED66C}.Debug|ARM.ActiveCfg = Debug|Any CPU
		{2EC8076D-E848-4C45-B039-B5965B7ED66C}.Debug|ARM.Build.0 = Debug|Any CPU
		{2EC8076D-E848-4C45-B039-B5965B7ED66C}.Debug|ARM64.ActiveCfg = Debug|Any CPU
		{2EC8076D-E848-4C45-B039-B5965B7ED66C}.Debug|ARM64.Build.0 = Debug|Any CPU
		{2EC8076D-E848-4C45-B039-B5965B7ED66C}.Debug|LoongArch64-ABI1.ActiveCfg = Debug|Any CPU
		{2EC8076D-E848-4C45-B039-B5965B7ED66C}.Debug|LoongArch64-ABI1.Build.0 = Debug|Any CPU
		{2EC8076D-E848-4C45-B039-B5965B7ED66C}.Debug|x64.ActiveCfg = Debug|Any CPU
		{2EC8076D-E848-4C45-B039-B5965B7ED66C}.Debug|x64.Build.0 = Debug|Any CPU
		{2EC8076D-E848-4C45-B039-B5965B7ED66C}.Debug|x86.ActiveCfg = Debug|Any CPU
		{2EC8076D-E848-4C45-B039-B5965B7ED66C}.Debug|x86.Build.0 = Debug|Any CPU
		{2EC8076D-E848-4C45-B039-B5965B7ED66C}.Release|Any CPU.ActiveCfg = Release|Any CPU
		{2EC8076D-E848-4C45-B039-B5965B7ED66C}.Release|Any CPU.Build.0 = Release|Any CPU
		{2EC8076D-E848-4C45-B039-B5965B7ED66C}.Release|ARM.ActiveCfg = Release|Any CPU
		{2EC8076D-E848-4C45-B039-B5965B7ED66C}.Release|ARM.Build.0 = Release|Any CPU
		{2EC8076D-E848-4C45-B039-B5965B7ED66C}.Release|ARM64.ActiveCfg = Release|Any CPU
		{2EC8076D-E848-4C45-B039-B5965B7ED66C}.Release|ARM64.Build.0 = Release|Any CPU
		{2EC8076D-E848-4C45-B039-B5965B7ED66C}.Release|LoongArch64-ABI1.ActiveCfg = Release|Any CPU
		{2EC8076D-E848-4C45-B039-B5965B7ED66C}.Release|LoongArch64-ABI1.Build.0 = Release|Any CPU
		{2EC8076D-E848-4C45-B039-B5965B7ED66C}.Release|x64.ActiveCfg = Release|Any CPU
		{2EC8076D-E848-4C45-B039-B5965B7ED66C}.Release|x64.Build.0 = Release|Any CPU
		{2EC8076D-E848-4C45-B039-B5965B7ED66C}.Release|x86.ActiveCfg = Release|Any CPU
		{2EC8076D-E848-4C45-B039-B5965B7ED66C}.Release|x86.Build.0 = Release|Any CPU
		{D23065AE-90AD-464B-A42C-6F1C864EF2D2}.Debug|Any CPU.ActiveCfg = Debug|Any CPU
		{D23065AE-90AD-464B-A42C-6F1C864EF2D2}.Debug|Any CPU.Build.0 = Debug|Any CPU
		{D23065AE-90AD-464B-A42C-6F1C864EF2D2}.Debug|ARM.ActiveCfg = Debug|Any CPU
		{D23065AE-90AD-464B-A42C-6F1C864EF2D2}.Debug|ARM.Build.0 = Debug|Any CPU
		{D23065AE-90AD-464B-A42C-6F1C864EF2D2}.Debug|ARM64.ActiveCfg = Debug|Any CPU
		{D23065AE-90AD-464B-A42C-6F1C864EF2D2}.Debug|ARM64.Build.0 = Debug|Any CPU
		{D23065AE-90AD-464B-A42C-6F1C864EF2D2}.Debug|LoongArch64-ABI1.ActiveCfg = Debug|Any CPU
		{D23065AE-90AD-464B-A42C-6F1C864EF2D2}.Debug|LoongArch64-ABI1.Build.0 = Debug|Any CPU
		{D23065AE-90AD-464B-A42C-6F1C864EF2D2}.Debug|x64.ActiveCfg = Debug|Any CPU
		{D23065AE-90AD-464B-A42C-6F1C864EF2D2}.Debug|x64.Build.0 = Debug|Any CPU
		{D23065AE-90AD-464B-A42C-6F1C864EF2D2}.Debug|x86.ActiveCfg = Debug|Any CPU
		{D23065AE-90AD-464B-A42C-6F1C864EF2D2}.Debug|x86.Build.0 = Debug|Any CPU
		{D23065AE-90AD-464B-A42C-6F1C864EF2D2}.Release|Any CPU.ActiveCfg = Release|Any CPU
		{D23065AE-90AD-464B-A42C-6F1C864EF2D2}.Release|Any CPU.Build.0 = Release|Any CPU
		{D23065AE-90AD-464B-A42C-6F1C864EF2D2}.Release|ARM.ActiveCfg = Release|Any CPU
		{D23065AE-90AD-464B-A42C-6F1C864EF2D2}.Release|ARM.Build.0 = Release|Any CPU
		{D23065AE-90AD-464B-A42C-6F1C864EF2D2}.Release|ARM64.ActiveCfg = Release|Any CPU
		{D23065AE-90AD-464B-A42C-6F1C864EF2D2}.Release|ARM64.Build.0 = Release|Any CPU
		{D23065AE-90AD-464B-A42C-6F1C864EF2D2}.Release|LoongArch64-ABI1.ActiveCfg = Release|Any CPU
		{D23065AE-90AD-464B-A42C-6F1C864EF2D2}.Release|LoongArch64-ABI1.Build.0 = Release|Any CPU
		{D23065AE-90AD-464B-A42C-6F1C864EF2D2}.Release|x64.ActiveCfg = Release|Any CPU
		{D23065AE-90AD-464B-A42C-6F1C864EF2D2}.Release|x64.Build.0 = Release|Any CPU
		{D23065AE-90AD-464B-A42C-6F1C864EF2D2}.Release|x86.ActiveCfg = Release|Any CPU
		{D23065AE-90AD-464B-A42C-6F1C864EF2D2}.Release|x86.Build.0 = Release|Any CPU
		{29767081-451F-4106-8D2C-7E77532622C7}.Debug|Any CPU.ActiveCfg = Debug|Any CPU
		{29767081-451F-4106-8D2C-7E77532622C7}.Debug|Any CPU.Build.0 = Debug|Any CPU
		{29767081-451F-4106-8D2C-7E77532622C7}.Debug|ARM.ActiveCfg = Debug|Any CPU
		{29767081-451F-4106-8D2C-7E77532622C7}.Debug|ARM.Build.0 = Debug|Any CPU
		{29767081-451F-4106-8D2C-7E77532622C7}.Debug|ARM64.ActiveCfg = Debug|Any CPU
		{29767081-451F-4106-8D2C-7E77532622C7}.Debug|ARM64.Build.0 = Debug|Any CPU
		{29767081-451F-4106-8D2C-7E77532622C7}.Debug|LoongArch64-ABI1.ActiveCfg = Debug|Any CPU
		{29767081-451F-4106-8D2C-7E77532622C7}.Debug|LoongArch64-ABI1.Build.0 = Debug|Any CPU
		{29767081-451F-4106-8D2C-7E77532622C7}.Debug|x64.ActiveCfg = Debug|Any CPU
		{29767081-451F-4106-8D2C-7E77532622C7}.Debug|x64.Build.0 = Debug|Any CPU
		{29767081-451F-4106-8D2C-7E77532622C7}.Debug|x86.ActiveCfg = Debug|Any CPU
		{29767081-451F-4106-8D2C-7E77532622C7}.Debug|x86.Build.0 = Debug|Any CPU
		{29767081-451F-4106-8D2C-7E77532622C7}.Release|Any CPU.ActiveCfg = Release|Any CPU
		{29767081-451F-4106-8D2C-7E77532622C7}.Release|Any CPU.Build.0 = Release|Any CPU
		{29767081-451F-4106-8D2C-7E77532622C7}.Release|ARM.ActiveCfg = Release|Any CPU
		{29767081-451F-4106-8D2C-7E77532622C7}.Release|ARM.Build.0 = Release|Any CPU
		{29767081-451F-4106-8D2C-7E77532622C7}.Release|ARM64.ActiveCfg = Release|Any CPU
		{29767081-451F-4106-8D2C-7E77532622C7}.Release|ARM64.Build.0 = Release|Any CPU
		{29767081-451F-4106-8D2C-7E77532622C7}.Release|LoongArch64-ABI1.ActiveCfg = Release|Any CPU
		{29767081-451F-4106-8D2C-7E77532622C7}.Release|LoongArch64-ABI1.Build.0 = Release|Any CPU
		{29767081-451F-4106-8D2C-7E77532622C7}.Release|x64.ActiveCfg = Release|Any CPU
		{29767081-451F-4106-8D2C-7E77532622C7}.Release|x64.Build.0 = Release|Any CPU
		{29767081-451F-4106-8D2C-7E77532622C7}.Release|x86.ActiveCfg = Release|Any CPU
		{29767081-451F-4106-8D2C-7E77532622C7}.Release|x86.Build.0 = Release|Any CPU
		{F0E66175-7835-4475-AC9D-E052E26F5531}.Debug|Any CPU.ActiveCfg = Debug|Any CPU
		{F0E66175-7835-4475-AC9D-E052E26F5531}.Debug|Any CPU.Build.0 = Debug|Any CPU
		{F0E66175-7835-4475-AC9D-E052E26F5531}.Debug|ARM.ActiveCfg = Debug|Any CPU
		{F0E66175-7835-4475-AC9D-E052E26F5531}.Debug|ARM.Build.0 = Debug|Any CPU
		{F0E66175-7835-4475-AC9D-E052E26F5531}.Debug|ARM64.ActiveCfg = Debug|Any CPU
		{F0E66175-7835-4475-AC9D-E052E26F5531}.Debug|ARM64.Build.0 = Debug|Any CPU
		{F0E66175-7835-4475-AC9D-E052E26F5531}.Debug|LoongArch64-ABI1.ActiveCfg = Debug|Any CPU
		{F0E66175-7835-4475-AC9D-E052E26F5531}.Debug|LoongArch64-ABI1.Build.0 = Debug|Any CPU
		{F0E66175-7835-4475-AC9D-E052E26F5531}.Debug|x64.ActiveCfg = Debug|Any CPU
		{F0E66175-7835-4475-AC9D-E052E26F5531}.Debug|x64.Build.0 = Debug|Any CPU
		{F0E66175-7835-4475-AC9D-E052E26F5531}.Debug|x86.ActiveCfg = Debug|Any CPU
		{F0E66175-7835-4475-AC9D-E052E26F5531}.Debug|x86.Build.0 = Debug|Any CPU
		{F0E66175-7835-4475-AC9D-E052E26F5531}.Release|Any CPU.ActiveCfg = Release|Any CPU
		{F0E66175-7835-4475-AC9D-E052E26F5531}.Release|Any CPU.Build.0 = Release|Any CPU
		{F0E66175-7835-4475-AC9D-E052E26F5531}.Release|ARM.ActiveCfg = Release|Any CPU
		{F0E66175-7835-4475-AC9D-E052E26F5531}.Release|ARM.Build.0 = Release|Any CPU
		{F0E66175-7835-4475-AC9D-E052E26F5531}.Release|ARM64.ActiveCfg = Release|Any CPU
		{F0E66175-7835-4475-AC9D-E052E26F5531}.Release|ARM64.Build.0 = Release|Any CPU
		{F0E66175-7835-4475-AC9D-E052E26F5531}.Release|LoongArch64-ABI1.ActiveCfg = Release|Any CPU
		{F0E66175-7835-4475-AC9D-E052E26F5531}.Release|LoongArch64-ABI1.Build.0 = Release|Any CPU
		{F0E66175-7835-4475-AC9D-E052E26F5531}.Release|x64.ActiveCfg = Release|Any CPU
		{F0E66175-7835-4475-AC9D-E052E26F5531}.Release|x64.Build.0 = Release|Any CPU
		{F0E66175-7835-4475-AC9D-E052E26F5531}.Release|x86.ActiveCfg = Release|Any CPU
		{F0E66175-7835-4475-AC9D-E052E26F5531}.Release|x86.Build.0 = Release|Any CPU
		{9346AFB0-C58D-4517-9012-99FB6960C4C1}.Debug|Any CPU.ActiveCfg = Debug|Any CPU
		{9346AFB0-C58D-4517-9012-99FB6960C4C1}.Debug|Any CPU.Build.0 = Debug|Any CPU
		{9346AFB0-C58D-4517-9012-99FB6960C4C1}.Debug|ARM.ActiveCfg = Debug|Any CPU
		{9346AFB0-C58D-4517-9012-99FB6960C4C1}.Debug|ARM.Build.0 = Debug|Any CPU
		{9346AFB0-C58D-4517-9012-99FB6960C4C1}.Debug|ARM64.ActiveCfg = Debug|Any CPU
		{9346AFB0-C58D-4517-9012-99FB6960C4C1}.Debug|ARM64.Build.0 = Debug|Any CPU
		{9346AFB0-C58D-4517-9012-99FB6960C4C1}.Debug|LoongArch64-ABI1.ActiveCfg = Debug|Any CPU
		{9346AFB0-C58D-4517-9012-99FB6960C4C1}.Debug|LoongArch64-ABI1.Build.0 = Debug|Any CPU
		{9346AFB0-C58D-4517-9012-99FB6960C4C1}.Debug|x64.ActiveCfg = Debug|Any CPU
		{9346AFB0-C58D-4517-9012-99FB6960C4C1}.Debug|x64.Build.0 = Debug|Any CPU
		{9346AFB0-C58D-4517-9012-99FB6960C4C1}.Debug|x86.ActiveCfg = Debug|Any CPU
		{9346AFB0-C58D-4517-9012-99FB6960C4C1}.Debug|x86.Build.0 = Debug|Any CPU
		{9346AFB0-C58D-4517-9012-99FB6960C4C1}.Release|Any CPU.ActiveCfg = Release|Any CPU
		{9346AFB0-C58D-4517-9012-99FB6960C4C1}.Release|Any CPU.Build.0 = Release|Any CPU
		{9346AFB0-C58D-4517-9012-99FB6960C4C1}.Release|ARM.ActiveCfg = Release|Any CPU
		{9346AFB0-C58D-4517-9012-99FB6960C4C1}.Release|ARM.Build.0 = Release|Any CPU
		{9346AFB0-C58D-4517-9012-99FB6960C4C1}.Release|ARM64.ActiveCfg = Release|Any CPU
		{9346AFB0-C58D-4517-9012-99FB6960C4C1}.Release|ARM64.Build.0 = Release|Any CPU
		{9346AFB0-C58D-4517-9012-99FB6960C4C1}.Release|LoongArch64-ABI1.ActiveCfg = Release|Any CPU
		{9346AFB0-C58D-4517-9012-99FB6960C4C1}.Release|LoongArch64-ABI1.Build.0 = Release|Any CPU
		{9346AFB0-C58D-4517-9012-99FB6960C4C1}.Release|x64.ActiveCfg = Release|Any CPU
		{9346AFB0-C58D-4517-9012-99FB6960C4C1}.Release|x64.Build.0 = Release|Any CPU
		{9346AFB0-C58D-4517-9012-99FB6960C4C1}.Release|x86.ActiveCfg = Release|Any CPU
		{9346AFB0-C58D-4517-9012-99FB6960C4C1}.Release|x86.Build.0 = Release|Any CPU
		{F554AC25-C497-475B-870E-F0F1D8CB7081}.Debug|Any CPU.ActiveCfg = Debug|Any CPU
		{F554AC25-C497-475B-870E-F0F1D8CB7081}.Debug|Any CPU.Build.0 = Debug|Any CPU
		{F554AC25-C497-475B-870E-F0F1D8CB7081}.Debug|ARM.ActiveCfg = Debug|Any CPU
		{F554AC25-C497-475B-870E-F0F1D8CB7081}.Debug|ARM.Build.0 = Debug|Any CPU
		{F554AC25-C497-475B-870E-F0F1D8CB7081}.Debug|ARM64.ActiveCfg = Debug|Any CPU
		{F554AC25-C497-475B-870E-F0F1D8CB7081}.Debug|ARM64.Build.0 = Debug|Any CPU
		{F554AC25-C497-475B-870E-F0F1D8CB7081}.Debug|LoongArch64-ABI1.ActiveCfg = Debug|Any CPU
		{F554AC25-C497-475B-870E-F0F1D8CB7081}.Debug|LoongArch64-ABI1.Build.0 = Debug|Any CPU
		{F554AC25-C497-475B-870E-F0F1D8CB7081}.Debug|x64.ActiveCfg = Debug|Any CPU
		{F554AC25-C497-475B-870E-F0F1D8CB7081}.Debug|x64.Build.0 = Debug|Any CPU
		{F554AC25-C497-475B-870E-F0F1D8CB7081}.Debug|x86.ActiveCfg = Debug|Any CPU
		{F554AC25-C497-475B-870E-F0F1D8CB7081}.Debug|x86.Build.0 = Debug|Any CPU
		{F554AC25-C497-475B-870E-F0F1D8CB7081}.Release|Any CPU.ActiveCfg = Release|Any CPU
		{F554AC25-C497-475B-870E-F0F1D8CB7081}.Release|Any CPU.Build.0 = Release|Any CPU
		{F554AC25-C497-475B-870E-F0F1D8CB7081}.Release|ARM.ActiveCfg = Release|Any CPU
		{F554AC25-C497-475B-870E-F0F1D8CB7081}.Release|ARM.Build.0 = Release|Any CPU
		{F554AC25-C497-475B-870E-F0F1D8CB7081}.Release|ARM64.ActiveCfg = Release|Any CPU
		{F554AC25-C497-475B-870E-F0F1D8CB7081}.Release|ARM64.Build.0 = Release|Any CPU
		{F554AC25-C497-475B-870E-F0F1D8CB7081}.Release|LoongArch64-ABI1.ActiveCfg = Release|Any CPU
		{F554AC25-C497-475B-870E-F0F1D8CB7081}.Release|LoongArch64-ABI1.Build.0 = Release|Any CPU
		{F554AC25-C497-475B-870E-F0F1D8CB7081}.Release|x64.ActiveCfg = Release|Any CPU
		{F554AC25-C497-475B-870E-F0F1D8CB7081}.Release|x64.Build.0 = Release|Any CPU
		{F554AC25-C497-475B-870E-F0F1D8CB7081}.Release|x86.ActiveCfg = Release|Any CPU
		{F554AC25-C497-475B-870E-F0F1D8CB7081}.Release|x86.Build.0 = Release|Any CPU
		{54DEE0C3-A24B-41DF-9F0F-6E007E2FDAD1}.Debug|Any CPU.ActiveCfg = Debug|Any CPU
		{54DEE0C3-A24B-41DF-9F0F-6E007E2FDAD1}.Debug|Any CPU.Build.0 = Debug|Any CPU
		{54DEE0C3-A24B-41DF-9F0F-6E007E2FDAD1}.Debug|ARM.ActiveCfg = Debug|Any CPU
		{54DEE0C3-A24B-41DF-9F0F-6E007E2FDAD1}.Debug|ARM.Build.0 = Debug|Any CPU
		{54DEE0C3-A24B-41DF-9F0F-6E007E2FDAD1}.Debug|ARM64.ActiveCfg = Debug|Any CPU
		{54DEE0C3-A24B-41DF-9F0F-6E007E2FDAD1}.Debug|ARM64.Build.0 = Debug|Any CPU
		{54DEE0C3-A24B-41DF-9F0F-6E007E2FDAD1}.Debug|LoongArch64-ABI1.ActiveCfg = Debug|Any CPU
		{54DEE0C3-A24B-41DF-9F0F-6E007E2FDAD1}.Debug|LoongArch64-ABI1.Build.0 = Debug|Any CPU
		{54DEE0C3-A24B-41DF-9F0F-6E007E2FDAD1}.Debug|x64.ActiveCfg = Debug|Any CPU
		{54DEE0C3-A24B-41DF-9F0F-6E007E2FDAD1}.Debug|x64.Build.0 = Debug|Any CPU
		{54DEE0C3-A24B-41DF-9F0F-6E007E2FDAD1}.Debug|x86.ActiveCfg = Debug|Any CPU
		{54DEE0C3-A24B-41DF-9F0F-6E007E2FDAD1}.Debug|x86.Build.0 = Debug|Any CPU
		{54DEE0C3-A24B-41DF-9F0F-6E007E2FDAD1}.Release|Any CPU.ActiveCfg = Release|Any CPU
		{54DEE0C3-A24B-41DF-9F0F-6E007E2FDAD1}.Release|Any CPU.Build.0 = Release|Any CPU
		{54DEE0C3-A24B-41DF-9F0F-6E007E2FDAD1}.Release|ARM.ActiveCfg = Release|Any CPU
		{54DEE0C3-A24B-41DF-9F0F-6E007E2FDAD1}.Release|ARM.Build.0 = Release|Any CPU
		{54DEE0C3-A24B-41DF-9F0F-6E007E2FDAD1}.Release|ARM64.ActiveCfg = Release|Any CPU
		{54DEE0C3-A24B-41DF-9F0F-6E007E2FDAD1}.Release|ARM64.Build.0 = Release|Any CPU
		{54DEE0C3-A24B-41DF-9F0F-6E007E2FDAD1}.Release|LoongArch64-ABI1.ActiveCfg = Release|Any CPU
		{54DEE0C3-A24B-41DF-9F0F-6E007E2FDAD1}.Release|LoongArch64-ABI1.Build.0 = Release|Any CPU
		{54DEE0C3-A24B-41DF-9F0F-6E007E2FDAD1}.Release|x64.ActiveCfg = Release|Any CPU
		{54DEE0C3-A24B-41DF-9F0F-6E007E2FDAD1}.Release|x64.Build.0 = Release|Any CPU
		{54DEE0C3-A24B-41DF-9F0F-6E007E2FDAD1}.Release|x86.ActiveCfg = Release|Any CPU
		{54DEE0C3-A24B-41DF-9F0F-6E007E2FDAD1}.Release|x86.Build.0 = Release|Any CPU
		{9ABA3C71-A7C1-44BD-97C8-9F62462C3435}.Debug|Any CPU.ActiveCfg = Debug|Any CPU
		{9ABA3C71-A7C1-44BD-97C8-9F62462C3435}.Debug|Any CPU.Build.0 = Debug|Any CPU
		{9ABA3C71-A7C1-44BD-97C8-9F62462C3435}.Debug|ARM.ActiveCfg = Debug|Any CPU
		{9ABA3C71-A7C1-44BD-97C8-9F62462C3435}.Debug|ARM.Build.0 = Debug|Any CPU
		{9ABA3C71-A7C1-44BD-97C8-9F62462C3435}.Debug|ARM64.ActiveCfg = Debug|Any CPU
		{9ABA3C71-A7C1-44BD-97C8-9F62462C3435}.Debug|ARM64.Build.0 = Debug|Any CPU
		{9ABA3C71-A7C1-44BD-97C8-9F62462C3435}.Debug|LoongArch64-ABI1.ActiveCfg = Debug|Any CPU
		{9ABA3C71-A7C1-44BD-97C8-9F62462C3435}.Debug|LoongArch64-ABI1.Build.0 = Debug|Any CPU
		{9ABA3C71-A7C1-44BD-97C8-9F62462C3435}.Debug|x64.ActiveCfg = Debug|Any CPU
		{9ABA3C71-A7C1-44BD-97C8-9F62462C3435}.Debug|x64.Build.0 = Debug|Any CPU
		{9ABA3C71-A7C1-44BD-97C8-9F62462C3435}.Debug|x86.ActiveCfg = Debug|Any CPU
		{9ABA3C71-A7C1-44BD-97C8-9F62462C3435}.Debug|x86.Build.0 = Debug|Any CPU
		{9ABA3C71-A7C1-44BD-97C8-9F62462C3435}.Release|Any CPU.ActiveCfg = Release|Any CPU
		{9ABA3C71-A7C1-44BD-97C8-9F62462C3435}.Release|Any CPU.Build.0 = Release|Any CPU
		{9ABA3C71-A7C1-44BD-97C8-9F62462C3435}.Release|ARM.ActiveCfg = Release|Any CPU
		{9ABA3C71-A7C1-44BD-97C8-9F62462C3435}.Release|ARM.Build.0 = Release|Any CPU
		{9ABA3C71-A7C1-44BD-97C8-9F62462C3435}.Release|ARM64.ActiveCfg = Release|Any CPU
		{9ABA3C71-A7C1-44BD-97C8-9F62462C3435}.Release|ARM64.Build.0 = Release|Any CPU
		{9ABA3C71-A7C1-44BD-97C8-9F62462C3435}.Release|LoongArch64-ABI1.ActiveCfg = Release|Any CPU
		{9ABA3C71-A7C1-44BD-97C8-9F62462C3435}.Release|LoongArch64-ABI1.Build.0 = Release|Any CPU
		{9ABA3C71-A7C1-44BD-97C8-9F62462C3435}.Release|x64.ActiveCfg = Release|Any CPU
		{9ABA3C71-A7C1-44BD-97C8-9F62462C3435}.Release|x64.Build.0 = Release|Any CPU
		{9ABA3C71-A7C1-44BD-97C8-9F62462C3435}.Release|x86.ActiveCfg = Release|Any CPU
		{9ABA3C71-A7C1-44BD-97C8-9F62462C3435}.Release|x86.Build.0 = Release|Any CPU
		{9FB11981-C477-4D74-A1BF-A05CA1BC2CAE}.Debug|Any CPU.ActiveCfg = Debug|Any CPU
		{9FB11981-C477-4D74-A1BF-A05CA1BC2CAE}.Debug|Any CPU.Build.0 = Debug|Any CPU
		{9FB11981-C477-4D74-A1BF-A05CA1BC2CAE}.Debug|ARM.ActiveCfg = Debug|Any CPU
		{9FB11981-C477-4D74-A1BF-A05CA1BC2CAE}.Debug|ARM.Build.0 = Debug|Any CPU
		{9FB11981-C477-4D74-A1BF-A05CA1BC2CAE}.Debug|ARM64.ActiveCfg = Debug|Any CPU
		{9FB11981-C477-4D74-A1BF-A05CA1BC2CAE}.Debug|ARM64.Build.0 = Debug|Any CPU
		{9FB11981-C477-4D74-A1BF-A05CA1BC2CAE}.Debug|LoongArch64-ABI1.ActiveCfg = Debug|Any CPU
		{9FB11981-C477-4D74-A1BF-A05CA1BC2CAE}.Debug|LoongArch64-ABI1.Build.0 = Debug|Any CPU
		{9FB11981-C477-4D74-A1BF-A05CA1BC2CAE}.Debug|x64.ActiveCfg = Debug|Any CPU
		{9FB11981-C477-4D74-A1BF-A05CA1BC2CAE}.Debug|x64.Build.0 = Debug|Any CPU
		{9FB11981-C477-4D74-A1BF-A05CA1BC2CAE}.Debug|x86.ActiveCfg = Debug|Any CPU
		{9FB11981-C477-4D74-A1BF-A05CA1BC2CAE}.Debug|x86.Build.0 = Debug|Any CPU
		{9FB11981-C477-4D74-A1BF-A05CA1BC2CAE}.Release|Any CPU.ActiveCfg = Release|Any CPU
		{9FB11981-C477-4D74-A1BF-A05CA1BC2CAE}.Release|Any CPU.Build.0 = Release|Any CPU
		{9FB11981-C477-4D74-A1BF-A05CA1BC2CAE}.Release|ARM.ActiveCfg = Release|Any CPU
		{9FB11981-C477-4D74-A1BF-A05CA1BC2CAE}.Release|ARM.Build.0 = Release|Any CPU
		{9FB11981-C477-4D74-A1BF-A05CA1BC2CAE}.Release|ARM64.ActiveCfg = Release|Any CPU
		{9FB11981-C477-4D74-A1BF-A05CA1BC2CAE}.Release|ARM64.Build.0 = Release|Any CPU
		{9FB11981-C477-4D74-A1BF-A05CA1BC2CAE}.Release|LoongArch64-ABI1.ActiveCfg = Release|Any CPU
		{9FB11981-C477-4D74-A1BF-A05CA1BC2CAE}.Release|LoongArch64-ABI1.Build.0 = Release|Any CPU
		{9FB11981-C477-4D74-A1BF-A05CA1BC2CAE}.Release|x64.ActiveCfg = Release|Any CPU
		{9FB11981-C477-4D74-A1BF-A05CA1BC2CAE}.Release|x64.Build.0 = Release|Any CPU
		{9FB11981-C477-4D74-A1BF-A05CA1BC2CAE}.Release|x86.ActiveCfg = Release|Any CPU
		{9FB11981-C477-4D74-A1BF-A05CA1BC2CAE}.Release|x86.Build.0 = Release|Any CPU
		{6E8C58AE-D94A-4032-BFA3-8BDCBBFBBC96}.Debug|Any CPU.ActiveCfg = Debug|Any CPU
		{6E8C58AE-D94A-4032-BFA3-8BDCBBFBBC96}.Debug|Any CPU.Build.0 = Debug|Any CPU
		{6E8C58AE-D94A-4032-BFA3-8BDCBBFBBC96}.Debug|ARM.ActiveCfg = Debug|Any CPU
		{6E8C58AE-D94A-4032-BFA3-8BDCBBFBBC96}.Debug|ARM.Build.0 = Debug|Any CPU
		{6E8C58AE-D94A-4032-BFA3-8BDCBBFBBC96}.Debug|ARM64.ActiveCfg = Debug|Any CPU
		{6E8C58AE-D94A-4032-BFA3-8BDCBBFBBC96}.Debug|ARM64.Build.0 = Debug|Any CPU
		{6E8C58AE-D94A-4032-BFA3-8BDCBBFBBC96}.Debug|LoongArch64-ABI1.ActiveCfg = Debug|Any CPU
		{6E8C58AE-D94A-4032-BFA3-8BDCBBFBBC96}.Debug|LoongArch64-ABI1.Build.0 = Debug|Any CPU
		{6E8C58AE-D94A-4032-BFA3-8BDCBBFBBC96}.Debug|x64.ActiveCfg = Debug|Any CPU
		{6E8C58AE-D94A-4032-BFA3-8BDCBBFBBC96}.Debug|x64.Build.0 = Debug|Any CPU
		{6E8C58AE-D94A-4032-BFA3-8BDCBBFBBC96}.Debug|x86.ActiveCfg = Debug|Any CPU
		{6E8C58AE-D94A-4032-BFA3-8BDCBBFBBC96}.Debug|x86.Build.0 = Debug|Any CPU
		{6E8C58AE-D94A-4032-BFA3-8BDCBBFBBC96}.Release|Any CPU.ActiveCfg = Release|Any CPU
		{6E8C58AE-D94A-4032-BFA3-8BDCBBFBBC96}.Release|Any CPU.Build.0 = Release|Any CPU
		{6E8C58AE-D94A-4032-BFA3-8BDCBBFBBC96}.Release|ARM.ActiveCfg = Release|Any CPU
		{6E8C58AE-D94A-4032-BFA3-8BDCBBFBBC96}.Release|ARM.Build.0 = Release|Any CPU
		{6E8C58AE-D94A-4032-BFA3-8BDCBBFBBC96}.Release|ARM64.ActiveCfg = Release|Any CPU
		{6E8C58AE-D94A-4032-BFA3-8BDCBBFBBC96}.Release|ARM64.Build.0 = Release|Any CPU
		{6E8C58AE-D94A-4032-BFA3-8BDCBBFBBC96}.Release|LoongArch64-ABI1.ActiveCfg = Release|Any CPU
		{6E8C58AE-D94A-4032-BFA3-8BDCBBFBBC96}.Release|LoongArch64-ABI1.Build.0 = Release|Any CPU
		{6E8C58AE-D94A-4032-BFA3-8BDCBBFBBC96}.Release|x64.ActiveCfg = Release|Any CPU
		{6E8C58AE-D94A-4032-BFA3-8BDCBBFBBC96}.Release|x64.Build.0 = Release|Any CPU
		{6E8C58AE-D94A-4032-BFA3-8BDCBBFBBC96}.Release|x86.ActiveCfg = Release|Any CPU
		{6E8C58AE-D94A-4032-BFA3-8BDCBBFBBC96}.Release|x86.Build.0 = Release|Any CPU
		{95536CF1-F46E-4DC6-8489-DF19717239C9}.Debug|Any CPU.ActiveCfg = Debug|Any CPU
		{95536CF1-F46E-4DC6-8489-DF19717239C9}.Debug|Any CPU.Build.0 = Debug|Any CPU
		{95536CF1-F46E-4DC6-8489-DF19717239C9}.Debug|ARM.ActiveCfg = Debug|Any CPU
		{95536CF1-F46E-4DC6-8489-DF19717239C9}.Debug|ARM.Build.0 = Debug|Any CPU
		{95536CF1-F46E-4DC6-8489-DF19717239C9}.Debug|ARM64.ActiveCfg = Debug|Any CPU
		{95536CF1-F46E-4DC6-8489-DF19717239C9}.Debug|ARM64.Build.0 = Debug|Any CPU
		{95536CF1-F46E-4DC6-8489-DF19717239C9}.Debug|LoongArch64-ABI1.ActiveCfg = Debug|Any CPU
		{95536CF1-F46E-4DC6-8489-DF19717239C9}.Debug|LoongArch64-ABI1.Build.0 = Debug|Any CPU
		{95536CF1-F46E-4DC6-8489-DF19717239C9}.Debug|x64.ActiveCfg = Debug|Any CPU
		{95536CF1-F46E-4DC6-8489-DF19717239C9}.Debug|x64.Build.0 = Debug|Any CPU
		{95536CF1-F46E-4DC6-8489-DF19717239C9}.Debug|x86.ActiveCfg = Debug|Any CPU
		{95536CF1-F46E-4DC6-8489-DF19717239C9}.Debug|x86.Build.0 = Debug|Any CPU
		{95536CF1-F46E-4DC6-8489-DF19717239C9}.Release|Any CPU.ActiveCfg = Release|Any CPU
		{95536CF1-F46E-4DC6-8489-DF19717239C9}.Release|Any CPU.Build.0 = Release|Any CPU
		{95536CF1-F46E-4DC6-8489-DF19717239C9}.Release|ARM.ActiveCfg = Release|Any CPU
		{95536CF1-F46E-4DC6-8489-DF19717239C9}.Release|ARM.Build.0 = Release|Any CPU
		{95536CF1-F46E-4DC6-8489-DF19717239C9}.Release|ARM64.ActiveCfg = Release|Any CPU
		{95536CF1-F46E-4DC6-8489-DF19717239C9}.Release|ARM64.Build.0 = Release|Any CPU
		{95536CF1-F46E-4DC6-8489-DF19717239C9}.Release|LoongArch64-ABI1.ActiveCfg = Release|Any CPU
		{95536CF1-F46E-4DC6-8489-DF19717239C9}.Release|LoongArch64-ABI1.Build.0 = Release|Any CPU
		{95536CF1-F46E-4DC6-8489-DF19717239C9}.Release|x64.ActiveCfg = Release|Any CPU
		{95536CF1-F46E-4DC6-8489-DF19717239C9}.Release|x64.Build.0 = Release|Any CPU
		{95536CF1-F46E-4DC6-8489-DF19717239C9}.Release|x86.ActiveCfg = Release|Any CPU
		{95536CF1-F46E-4DC6-8489-DF19717239C9}.Release|x86.Build.0 = Release|Any CPU
		{69ADC8E9-4BFA-4F61-A20B-82463FAF2785}.Debug|Any CPU.ActiveCfg = Debug|Any CPU
		{69ADC8E9-4BFA-4F61-A20B-82463FAF2785}.Debug|Any CPU.Build.0 = Debug|Any CPU
		{69ADC8E9-4BFA-4F61-A20B-82463FAF2785}.Debug|ARM.ActiveCfg = Debug|Any CPU
		{69ADC8E9-4BFA-4F61-A20B-82463FAF2785}.Debug|ARM.Build.0 = Debug|Any CPU
		{69ADC8E9-4BFA-4F61-A20B-82463FAF2785}.Debug|ARM64.ActiveCfg = Debug|Any CPU
		{69ADC8E9-4BFA-4F61-A20B-82463FAF2785}.Debug|ARM64.Build.0 = Debug|Any CPU
		{69ADC8E9-4BFA-4F61-A20B-82463FAF2785}.Debug|LoongArch64-ABI1.ActiveCfg = Debug|Any CPU
		{69ADC8E9-4BFA-4F61-A20B-82463FAF2785}.Debug|LoongArch64-ABI1.Build.0 = Debug|Any CPU
		{69ADC8E9-4BFA-4F61-A20B-82463FAF2785}.Debug|x64.ActiveCfg = Debug|Any CPU
		{69ADC8E9-4BFA-4F61-A20B-82463FAF2785}.Debug|x64.Build.0 = Debug|Any CPU
		{69ADC8E9-4BFA-4F61-A20B-82463FAF2785}.Debug|x86.ActiveCfg = Debug|Any CPU
		{69ADC8E9-4BFA-4F61-A20B-82463FAF2785}.Debug|x86.Build.0 = Debug|Any CPU
		{69ADC8E9-4BFA-4F61-A20B-82463FAF2785}.Release|Any CPU.ActiveCfg = Release|Any CPU
		{69ADC8E9-4BFA-4F61-A20B-82463FAF2785}.Release|Any CPU.Build.0 = Release|Any CPU
		{69ADC8E9-4BFA-4F61-A20B-82463FAF2785}.Release|ARM.ActiveCfg = Release|Any CPU
		{69ADC8E9-4BFA-4F61-A20B-82463FAF2785}.Release|ARM.Build.0 = Release|Any CPU
		{69ADC8E9-4BFA-4F61-A20B-82463FAF2785}.Release|ARM64.ActiveCfg = Release|Any CPU
		{69ADC8E9-4BFA-4F61-A20B-82463FAF2785}.Release|ARM64.Build.0 = Release|Any CPU
		{69ADC8E9-4BFA-4F61-A20B-82463FAF2785}.Release|LoongArch64-ABI1.ActiveCfg = Release|Any CPU
		{69ADC8E9-4BFA-4F61-A20B-82463FAF2785}.Release|LoongArch64-ABI1.Build.0 = Release|Any CPU
		{69ADC8E9-4BFA-4F61-A20B-82463FAF2785}.Release|x64.ActiveCfg = Release|Any CPU
		{69ADC8E9-4BFA-4F61-A20B-82463FAF2785}.Release|x64.Build.0 = Release|Any CPU
		{69ADC8E9-4BFA-4F61-A20B-82463FAF2785}.Release|x86.ActiveCfg = Release|Any CPU
		{69ADC8E9-4BFA-4F61-A20B-82463FAF2785}.Release|x86.Build.0 = Release|Any CPU
		{7F32451C-329A-4B62-86E7-EC457C3B8D18}.Debug|Any CPU.ActiveCfg = Debug|Any CPU
		{7F32451C-329A-4B62-86E7-EC457C3B8D18}.Debug|Any CPU.Build.0 = Debug|Any CPU
		{7F32451C-329A-4B62-86E7-EC457C3B8D18}.Debug|ARM.ActiveCfg = Debug|Any CPU
		{7F32451C-329A-4B62-86E7-EC457C3B8D18}.Debug|ARM.Build.0 = Debug|Any CPU
		{7F32451C-329A-4B62-86E7-EC457C3B8D18}.Debug|ARM64.ActiveCfg = Debug|Any CPU
		{7F32451C-329A-4B62-86E7-EC457C3B8D18}.Debug|ARM64.Build.0 = Debug|Any CPU
		{7F32451C-329A-4B62-86E7-EC457C3B8D18}.Debug|LoongArch64-ABI1.ActiveCfg = Debug|Any CPU
		{7F32451C-329A-4B62-86E7-EC457C3B8D18}.Debug|LoongArch64-ABI1.Build.0 = Debug|Any CPU
		{7F32451C-329A-4B62-86E7-EC457C3B8D18}.Debug|x64.ActiveCfg = Debug|Any CPU
		{7F32451C-329A-4B62-86E7-EC457C3B8D18}.Debug|x64.Build.0 = Debug|Any CPU
		{7F32451C-329A-4B62-86E7-EC457C3B8D18}.Debug|x86.ActiveCfg = Debug|Any CPU
		{7F32451C-329A-4B62-86E7-EC457C3B8D18}.Debug|x86.Build.0 = Debug|Any CPU
		{7F32451C-329A-4B62-86E7-EC457C3B8D18}.Release|Any CPU.ActiveCfg = Release|Any CPU
		{7F32451C-329A-4B62-86E7-EC457C3B8D18}.Release|Any CPU.Build.0 = Release|Any CPU
		{7F32451C-329A-4B62-86E7-EC457C3B8D18}.Release|ARM.ActiveCfg = Release|Any CPU
		{7F32451C-329A-4B62-86E7-EC457C3B8D18}.Release|ARM.Build.0 = Release|Any CPU
		{7F32451C-329A-4B62-86E7-EC457C3B8D18}.Release|ARM64.ActiveCfg = Release|Any CPU
		{7F32451C-329A-4B62-86E7-EC457C3B8D18}.Release|ARM64.Build.0 = Release|Any CPU
		{7F32451C-329A-4B62-86E7-EC457C3B8D18}.Release|LoongArch64-ABI1.ActiveCfg = Release|Any CPU
		{7F32451C-329A-4B62-86E7-EC457C3B8D18}.Release|LoongArch64-ABI1.Build.0 = Release|Any CPU
		{7F32451C-329A-4B62-86E7-EC457C3B8D18}.Release|x64.ActiveCfg = Release|Any CPU
		{7F32451C-329A-4B62-86E7-EC457C3B8D18}.Release|x64.Build.0 = Release|Any CPU
		{7F32451C-329A-4B62-86E7-EC457C3B8D18}.Release|x86.ActiveCfg = Release|Any CPU
		{7F32451C-329A-4B62-86E7-EC457C3B8D18}.Release|x86.Build.0 = Release|Any CPU
		{6139D83D-C7C8-418D-902E-CA1E5EDAD610}.Debug|Any CPU.ActiveCfg = Debug|Any CPU
		{6139D83D-C7C8-418D-902E-CA1E5EDAD610}.Debug|Any CPU.Build.0 = Debug|Any CPU
		{6139D83D-C7C8-418D-902E-CA1E5EDAD610}.Debug|ARM.ActiveCfg = Debug|Any CPU
		{6139D83D-C7C8-418D-902E-CA1E5EDAD610}.Debug|ARM.Build.0 = Debug|Any CPU
		{6139D83D-C7C8-418D-902E-CA1E5EDAD610}.Debug|ARM64.ActiveCfg = Debug|Any CPU
		{6139D83D-C7C8-418D-902E-CA1E5EDAD610}.Debug|ARM64.Build.0 = Debug|Any CPU
		{6139D83D-C7C8-418D-902E-CA1E5EDAD610}.Debug|LoongArch64-ABI1.ActiveCfg = Debug|Any CPU
		{6139D83D-C7C8-418D-902E-CA1E5EDAD610}.Debug|LoongArch64-ABI1.Build.0 = Debug|Any CPU
		{6139D83D-C7C8-418D-902E-CA1E5EDAD610}.Debug|x64.ActiveCfg = Debug|Any CPU
		{6139D83D-C7C8-418D-902E-CA1E5EDAD610}.Debug|x64.Build.0 = Debug|Any CPU
		{6139D83D-C7C8-418D-902E-CA1E5EDAD610}.Debug|x86.ActiveCfg = Debug|Any CPU
		{6139D83D-C7C8-418D-902E-CA1E5EDAD610}.Debug|x86.Build.0 = Debug|Any CPU
		{6139D83D-C7C8-418D-902E-CA1E5EDAD610}.Release|Any CPU.ActiveCfg = Release|Any CPU
		{6139D83D-C7C8-418D-902E-CA1E5EDAD610}.Release|Any CPU.Build.0 = Release|Any CPU
		{6139D83D-C7C8-418D-902E-CA1E5EDAD610}.Release|ARM.ActiveCfg = Release|Any CPU
		{6139D83D-C7C8-418D-902E-CA1E5EDAD610}.Release|ARM.Build.0 = Release|Any CPU
		{6139D83D-C7C8-418D-902E-CA1E5EDAD610}.Release|ARM64.ActiveCfg = Release|Any CPU
		{6139D83D-C7C8-418D-902E-CA1E5EDAD610}.Release|ARM64.Build.0 = Release|Any CPU
		{6139D83D-C7C8-418D-902E-CA1E5EDAD610}.Release|LoongArch64-ABI1.ActiveCfg = Release|Any CPU
		{6139D83D-C7C8-418D-902E-CA1E5EDAD610}.Release|LoongArch64-ABI1.Build.0 = Release|Any CPU
		{6139D83D-C7C8-418D-902E-CA1E5EDAD610}.Release|x64.ActiveCfg = Release|Any CPU
		{6139D83D-C7C8-418D-902E-CA1E5EDAD610}.Release|x64.Build.0 = Release|Any CPU
		{6139D83D-C7C8-418D-902E-CA1E5EDAD610}.Release|x86.ActiveCfg = Release|Any CPU
		{6139D83D-C7C8-418D-902E-CA1E5EDAD610}.Release|x86.Build.0 = Release|Any CPU
		{CB92750D-87A8-47D4-81F5-D67DA716E1F2}.Debug|Any CPU.ActiveCfg = Debug|Any CPU
		{CB92750D-87A8-47D4-81F5-D67DA716E1F2}.Debug|Any CPU.Build.0 = Debug|Any CPU
		{CB92750D-87A8-47D4-81F5-D67DA716E1F2}.Debug|ARM.ActiveCfg = Debug|Any CPU
		{CB92750D-87A8-47D4-81F5-D67DA716E1F2}.Debug|ARM.Build.0 = Debug|Any CPU
		{CB92750D-87A8-47D4-81F5-D67DA716E1F2}.Debug|ARM64.ActiveCfg = Debug|Any CPU
		{CB92750D-87A8-47D4-81F5-D67DA716E1F2}.Debug|ARM64.Build.0 = Debug|Any CPU
		{CB92750D-87A8-47D4-81F5-D67DA716E1F2}.Debug|LoongArch64-ABI1.ActiveCfg = Debug|Any CPU
		{CB92750D-87A8-47D4-81F5-D67DA716E1F2}.Debug|LoongArch64-ABI1.Build.0 = Debug|Any CPU
		{CB92750D-87A8-47D4-81F5-D67DA716E1F2}.Debug|x64.ActiveCfg = Debug|Any CPU
		{CB92750D-87A8-47D4-81F5-D67DA716E1F2}.Debug|x64.Build.0 = Debug|Any CPU
		{CB92750D-87A8-47D4-81F5-D67DA716E1F2}.Debug|x86.ActiveCfg = Debug|Any CPU
		{CB92750D-87A8-47D4-81F5-D67DA716E1F2}.Debug|x86.Build.0 = Debug|Any CPU
		{CB92750D-87A8-47D4-81F5-D67DA716E1F2}.Release|Any CPU.ActiveCfg = Release|Any CPU
		{CB92750D-87A8-47D4-81F5-D67DA716E1F2}.Release|Any CPU.Build.0 = Release|Any CPU
		{CB92750D-87A8-47D4-81F5-D67DA716E1F2}.Release|ARM.ActiveCfg = Release|Any CPU
		{CB92750D-87A8-47D4-81F5-D67DA716E1F2}.Release|ARM.Build.0 = Release|Any CPU
		{CB92750D-87A8-47D4-81F5-D67DA716E1F2}.Release|ARM64.ActiveCfg = Release|Any CPU
		{CB92750D-87A8-47D4-81F5-D67DA716E1F2}.Release|ARM64.Build.0 = Release|Any CPU
		{CB92750D-87A8-47D4-81F5-D67DA716E1F2}.Release|LoongArch64-ABI1.ActiveCfg = Release|Any CPU
		{CB92750D-87A8-47D4-81F5-D67DA716E1F2}.Release|LoongArch64-ABI1.Build.0 = Release|Any CPU
		{CB92750D-87A8-47D4-81F5-D67DA716E1F2}.Release|x64.ActiveCfg = Release|Any CPU
		{CB92750D-87A8-47D4-81F5-D67DA716E1F2}.Release|x64.Build.0 = Release|Any CPU
		{CB92750D-87A8-47D4-81F5-D67DA716E1F2}.Release|x86.ActiveCfg = Release|Any CPU
		{CB92750D-87A8-47D4-81F5-D67DA716E1F2}.Release|x86.Build.0 = Release|Any CPU
		{CE3B5CF8-6073-4CA2-A5E4-34C7937A4840}.Debug|Any CPU.ActiveCfg = Debug|Any CPU
		{CE3B5CF8-6073-4CA2-A5E4-34C7937A4840}.Debug|Any CPU.Build.0 = Debug|Any CPU
		{CE3B5CF8-6073-4CA2-A5E4-34C7937A4840}.Debug|ARM.ActiveCfg = Debug|Any CPU
		{CE3B5CF8-6073-4CA2-A5E4-34C7937A4840}.Debug|ARM.Build.0 = Debug|Any CPU
		{CE3B5CF8-6073-4CA2-A5E4-34C7937A4840}.Debug|ARM64.ActiveCfg = Debug|Any CPU
		{CE3B5CF8-6073-4CA2-A5E4-34C7937A4840}.Debug|ARM64.Build.0 = Debug|Any CPU
		{CE3B5CF8-6073-4CA2-A5E4-34C7937A4840}.Debug|LoongArch64-ABI1.ActiveCfg = Debug|Any CPU
		{CE3B5CF8-6073-4CA2-A5E4-34C7937A4840}.Debug|LoongArch64-ABI1.Build.0 = Debug|Any CPU
		{CE3B5CF8-6073-4CA2-A5E4-34C7937A4840}.Debug|x64.ActiveCfg = Debug|Any CPU
		{CE3B5CF8-6073-4CA2-A5E4-34C7937A4840}.Debug|x64.Build.0 = Debug|Any CPU
		{CE3B5CF8-6073-4CA2-A5E4-34C7937A4840}.Debug|x86.ActiveCfg = Debug|Any CPU
		{CE3B5CF8-6073-4CA2-A5E4-34C7937A4840}.Debug|x86.Build.0 = Debug|Any CPU
		{CE3B5CF8-6073-4CA2-A5E4-34C7937A4840}.Release|Any CPU.ActiveCfg = Release|Any CPU
		{CE3B5CF8-6073-4CA2-A5E4-34C7937A4840}.Release|Any CPU.Build.0 = Release|Any CPU
		{CE3B5CF8-6073-4CA2-A5E4-34C7937A4840}.Release|ARM.ActiveCfg = Release|Any CPU
		{CE3B5CF8-6073-4CA2-A5E4-34C7937A4840}.Release|ARM.Build.0 = Release|Any CPU
		{CE3B5CF8-6073-4CA2-A5E4-34C7937A4840}.Release|ARM64.ActiveCfg = Release|Any CPU
		{CE3B5CF8-6073-4CA2-A5E4-34C7937A4840}.Release|ARM64.Build.0 = Release|Any CPU
		{CE3B5CF8-6073-4CA2-A5E4-34C7937A4840}.Release|LoongArch64-ABI1.ActiveCfg = Release|Any CPU
		{CE3B5CF8-6073-4CA2-A5E4-34C7937A4840}.Release|LoongArch64-ABI1.Build.0 = Release|Any CPU
		{CE3B5CF8-6073-4CA2-A5E4-34C7937A4840}.Release|x64.ActiveCfg = Release|Any CPU
		{CE3B5CF8-6073-4CA2-A5E4-34C7937A4840}.Release|x64.Build.0 = Release|Any CPU
		{CE3B5CF8-6073-4CA2-A5E4-34C7937A4840}.Release|x86.ActiveCfg = Release|Any CPU
		{CE3B5CF8-6073-4CA2-A5E4-34C7937A4840}.Release|x86.Build.0 = Release|Any CPU
		{02EEF3BC-7EFA-4F2B-A850-9014B9FF99DC}.Debug|Any CPU.ActiveCfg = Debug|Any CPU
		{02EEF3BC-7EFA-4F2B-A850-9014B9FF99DC}.Debug|Any CPU.Build.0 = Debug|Any CPU
		{02EEF3BC-7EFA-4F2B-A850-9014B9FF99DC}.Debug|ARM.ActiveCfg = Debug|Any CPU
		{02EEF3BC-7EFA-4F2B-A850-9014B9FF99DC}.Debug|ARM.Build.0 = Debug|Any CPU
		{02EEF3BC-7EFA-4F2B-A850-9014B9FF99DC}.Debug|ARM64.ActiveCfg = Debug|Any CPU
		{02EEF3BC-7EFA-4F2B-A850-9014B9FF99DC}.Debug|ARM64.Build.0 = Debug|Any CPU
		{02EEF3BC-7EFA-4F2B-A850-9014B9FF99DC}.Debug|LoongArch64-ABI1.ActiveCfg = Debug|Any CPU
		{02EEF3BC-7EFA-4F2B-A850-9014B9FF99DC}.Debug|LoongArch64-ABI1.Build.0 = Debug|Any CPU
		{02EEF3BC-7EFA-4F2B-A850-9014B9FF99DC}.Debug|x64.ActiveCfg = Debug|x64
		{02EEF3BC-7EFA-4F2B-A850-9014B9FF99DC}.Debug|x64.Build.0 = Debug|x64
		{02EEF3BC-7EFA-4F2B-A850-9014B9FF99DC}.Debug|x86.ActiveCfg = Debug|x86
		{02EEF3BC-7EFA-4F2B-A850-9014B9FF99DC}.Debug|x86.Build.0 = Debug|x86
		{02EEF3BC-7EFA-4F2B-A850-9014B9FF99DC}.Release|Any CPU.ActiveCfg = Release|Any CPU
		{02EEF3BC-7EFA-4F2B-A850-9014B9FF99DC}.Release|Any CPU.Build.0 = Release|Any CPU
		{02EEF3BC-7EFA-4F2B-A850-9014B9FF99DC}.Release|ARM.ActiveCfg = Release|Any CPU
		{02EEF3BC-7EFA-4F2B-A850-9014B9FF99DC}.Release|ARM.Build.0 = Release|Any CPU
		{02EEF3BC-7EFA-4F2B-A850-9014B9FF99DC}.Release|ARM64.ActiveCfg = Release|Any CPU
		{02EEF3BC-7EFA-4F2B-A850-9014B9FF99DC}.Release|ARM64.Build.0 = Release|Any CPU
		{02EEF3BC-7EFA-4F2B-A850-9014B9FF99DC}.Release|LoongArch64-ABI1.ActiveCfg = Release|Any CPU
		{02EEF3BC-7EFA-4F2B-A850-9014B9FF99DC}.Release|LoongArch64-ABI1.Build.0 = Release|Any CPU
		{02EEF3BC-7EFA-4F2B-A850-9014B9FF99DC}.Release|x64.ActiveCfg = Release|x64
		{02EEF3BC-7EFA-4F2B-A850-9014B9FF99DC}.Release|x64.Build.0 = Release|x64
		{02EEF3BC-7EFA-4F2B-A850-9014B9FF99DC}.Release|x86.ActiveCfg = Release|x86
		{02EEF3BC-7EFA-4F2B-A850-9014B9FF99DC}.Release|x86.Build.0 = Release|x86
		{85093C14-6C8A-4B16-ADBC-172A2E954A46}.Debug|Any CPU.ActiveCfg = Debug|Any CPU
		{85093C14-6C8A-4B16-ADBC-172A2E954A46}.Debug|Any CPU.Build.0 = Debug|Any CPU
		{85093C14-6C8A-4B16-ADBC-172A2E954A46}.Debug|ARM.ActiveCfg = Debug|Any CPU
		{85093C14-6C8A-4B16-ADBC-172A2E954A46}.Debug|ARM.Build.0 = Debug|Any CPU
		{85093C14-6C8A-4B16-ADBC-172A2E954A46}.Debug|ARM64.ActiveCfg = Debug|Any CPU
		{85093C14-6C8A-4B16-ADBC-172A2E954A46}.Debug|ARM64.Build.0 = Debug|Any CPU
		{85093C14-6C8A-4B16-ADBC-172A2E954A46}.Debug|LoongArch64-ABI1.ActiveCfg = Debug|Any CPU
		{85093C14-6C8A-4B16-ADBC-172A2E954A46}.Debug|LoongArch64-ABI1.Build.0 = Debug|Any CPU
		{85093C14-6C8A-4B16-ADBC-172A2E954A46}.Debug|x64.ActiveCfg = Debug|x64
		{85093C14-6C8A-4B16-ADBC-172A2E954A46}.Debug|x64.Build.0 = Debug|x64
		{85093C14-6C8A-4B16-ADBC-172A2E954A46}.Debug|x86.ActiveCfg = Debug|x86
		{85093C14-6C8A-4B16-ADBC-172A2E954A46}.Debug|x86.Build.0 = Debug|x86
		{85093C14-6C8A-4B16-ADBC-172A2E954A46}.Release|Any CPU.ActiveCfg = Release|Any CPU
		{85093C14-6C8A-4B16-ADBC-172A2E954A46}.Release|Any CPU.Build.0 = Release|Any CPU
		{85093C14-6C8A-4B16-ADBC-172A2E954A46}.Release|ARM.ActiveCfg = Release|Any CPU
		{85093C14-6C8A-4B16-ADBC-172A2E954A46}.Release|ARM.Build.0 = Release|Any CPU
		{85093C14-6C8A-4B16-ADBC-172A2E954A46}.Release|ARM64.ActiveCfg = Release|Any CPU
		{85093C14-6C8A-4B16-ADBC-172A2E954A46}.Release|ARM64.Build.0 = Release|Any CPU
		{85093C14-6C8A-4B16-ADBC-172A2E954A46}.Release|LoongArch64-ABI1.ActiveCfg = Release|Any CPU
		{85093C14-6C8A-4B16-ADBC-172A2E954A46}.Release|LoongArch64-ABI1.Build.0 = Release|Any CPU
		{85093C14-6C8A-4B16-ADBC-172A2E954A46}.Release|x64.ActiveCfg = Release|x64
		{85093C14-6C8A-4B16-ADBC-172A2E954A46}.Release|x64.Build.0 = Release|x64
		{85093C14-6C8A-4B16-ADBC-172A2E954A46}.Release|x86.ActiveCfg = Release|x86
		{85093C14-6C8A-4B16-ADBC-172A2E954A46}.Release|x86.Build.0 = Release|x86
		{4DC006AA-4956-45C4-BFB7-63149B58B883}.Debug|Any CPU.ActiveCfg = Debug|Any CPU
		{4DC006AA-4956-45C4-BFB7-63149B58B883}.Debug|Any CPU.Build.0 = Debug|Any CPU
		{4DC006AA-4956-45C4-BFB7-63149B58B883}.Debug|ARM.ActiveCfg = Debug|Any CPU
		{4DC006AA-4956-45C4-BFB7-63149B58B883}.Debug|ARM.Build.0 = Debug|Any CPU
		{4DC006AA-4956-45C4-BFB7-63149B58B883}.Debug|ARM64.ActiveCfg = Debug|Any CPU
		{4DC006AA-4956-45C4-BFB7-63149B58B883}.Debug|ARM64.Build.0 = Debug|Any CPU
		{4DC006AA-4956-45C4-BFB7-63149B58B883}.Debug|LoongArch64-ABI1.ActiveCfg = Debug|Any CPU
		{4DC006AA-4956-45C4-BFB7-63149B58B883}.Debug|LoongArch64-ABI1.Build.0 = Debug|Any CPU
		{4DC006AA-4956-45C4-BFB7-63149B58B883}.Debug|x64.ActiveCfg = Debug|x64
		{4DC006AA-4956-45C4-BFB7-63149B58B883}.Debug|x64.Build.0 = Debug|x64
		{4DC006AA-4956-45C4-BFB7-63149B58B883}.Debug|x86.ActiveCfg = Debug|x86
		{4DC006AA-4956-45C4-BFB7-63149B58B883}.Debug|x86.Build.0 = Debug|x86
		{4DC006AA-4956-45C4-BFB7-63149B58B883}.Release|Any CPU.ActiveCfg = Release|Any CPU
		{4DC006AA-4956-45C4-BFB7-63149B58B883}.Release|Any CPU.Build.0 = Release|Any CPU
		{4DC006AA-4956-45C4-BFB7-63149B58B883}.Release|ARM.ActiveCfg = Release|Any CPU
		{4DC006AA-4956-45C4-BFB7-63149B58B883}.Release|ARM.Build.0 = Release|Any CPU
		{4DC006AA-4956-45C4-BFB7-63149B58B883}.Release|ARM64.ActiveCfg = Release|Any CPU
		{4DC006AA-4956-45C4-BFB7-63149B58B883}.Release|ARM64.Build.0 = Release|Any CPU
		{4DC006AA-4956-45C4-BFB7-63149B58B883}.Release|LoongArch64-ABI1.ActiveCfg = Release|Any CPU
		{4DC006AA-4956-45C4-BFB7-63149B58B883}.Release|LoongArch64-ABI1.Build.0 = Release|Any CPU
		{4DC006AA-4956-45C4-BFB7-63149B58B883}.Release|x64.ActiveCfg = Release|x64
		{4DC006AA-4956-45C4-BFB7-63149B58B883}.Release|x64.Build.0 = Release|x64
		{4DC006AA-4956-45C4-BFB7-63149B58B883}.Release|x86.ActiveCfg = Release|x86
		{4DC006AA-4956-45C4-BFB7-63149B58B883}.Release|x86.Build.0 = Release|x86
		{F16308C5-6FC1-40B7-AE57-A3DF87E48B48}.Debug|Any CPU.ActiveCfg = Debug|Any CPU
		{F16308C5-6FC1-40B7-AE57-A3DF87E48B48}.Debug|Any CPU.Build.0 = Debug|Any CPU
		{F16308C5-6FC1-40B7-AE57-A3DF87E48B48}.Debug|ARM.ActiveCfg = Debug|Any CPU
		{F16308C5-6FC1-40B7-AE57-A3DF87E48B48}.Debug|ARM.Build.0 = Debug|Any CPU
		{F16308C5-6FC1-40B7-AE57-A3DF87E48B48}.Debug|ARM64.ActiveCfg = Debug|Any CPU
		{F16308C5-6FC1-40B7-AE57-A3DF87E48B48}.Debug|ARM64.Build.0 = Debug|Any CPU
		{F16308C5-6FC1-40B7-AE57-A3DF87E48B48}.Debug|LoongArch64-ABI1.ActiveCfg = Debug|Any CPU
		{F16308C5-6FC1-40B7-AE57-A3DF87E48B48}.Debug|LoongArch64-ABI1.Build.0 = Debug|Any CPU
		{F16308C5-6FC1-40B7-AE57-A3DF87E48B48}.Debug|x64.ActiveCfg = Debug|x64
		{F16308C5-6FC1-40B7-AE57-A3DF87E48B48}.Debug|x64.Build.0 = Debug|x64
		{F16308C5-6FC1-40B7-AE57-A3DF87E48B48}.Debug|x86.ActiveCfg = Debug|x86
		{F16308C5-6FC1-40B7-AE57-A3DF87E48B48}.Debug|x86.Build.0 = Debug|x86
		{F16308C5-6FC1-40B7-AE57-A3DF87E48B48}.Release|Any CPU.ActiveCfg = Release|Any CPU
		{F16308C5-6FC1-40B7-AE57-A3DF87E48B48}.Release|Any CPU.Build.0 = Release|Any CPU
		{F16308C5-6FC1-40B7-AE57-A3DF87E48B48}.Release|ARM.ActiveCfg = Release|Any CPU
		{F16308C5-6FC1-40B7-AE57-A3DF87E48B48}.Release|ARM.Build.0 = Release|Any CPU
		{F16308C5-6FC1-40B7-AE57-A3DF87E48B48}.Release|ARM64.ActiveCfg = Release|Any CPU
		{F16308C5-6FC1-40B7-AE57-A3DF87E48B48}.Release|ARM64.Build.0 = Release|Any CPU
		{F16308C5-6FC1-40B7-AE57-A3DF87E48B48}.Release|LoongArch64-ABI1.ActiveCfg = Release|Any CPU
		{F16308C5-6FC1-40B7-AE57-A3DF87E48B48}.Release|LoongArch64-ABI1.Build.0 = Release|Any CPU
		{F16308C5-6FC1-40B7-AE57-A3DF87E48B48}.Release|x64.ActiveCfg = Release|x64
		{F16308C5-6FC1-40B7-AE57-A3DF87E48B48}.Release|x64.Build.0 = Release|x64
		{F16308C5-6FC1-40B7-AE57-A3DF87E48B48}.Release|x86.ActiveCfg = Release|x86
		{F16308C5-6FC1-40B7-AE57-A3DF87E48B48}.Release|x86.Build.0 = Release|x86
		{C2228FA7-AAE7-40A9-B858-DD2B62871928}.Debug|Any CPU.ActiveCfg = Debug|x64
		{C2228FA7-AAE7-40A9-B858-DD2B62871928}.Debug|Any CPU.Build.0 = Debug|x64
		{C2228FA7-AAE7-40A9-B858-DD2B62871928}.Debug|Any CPU.Deploy.0 = Debug|x64
		{C2228FA7-AAE7-40A9-B858-DD2B62871928}.Debug|ARM.ActiveCfg = Debug|ARM
		{C2228FA7-AAE7-40A9-B858-DD2B62871928}.Debug|ARM.Build.0 = Debug|ARM
		{C2228FA7-AAE7-40A9-B858-DD2B62871928}.Debug|ARM.Deploy.0 = Debug|ARM
		{C2228FA7-AAE7-40A9-B858-DD2B62871928}.Debug|ARM64.ActiveCfg = Debug|ARM64
		{C2228FA7-AAE7-40A9-B858-DD2B62871928}.Debug|ARM64.Build.0 = Debug|ARM64
		{C2228FA7-AAE7-40A9-B858-DD2B62871928}.Debug|ARM64.Deploy.0 = Debug|ARM64
		{C2228FA7-AAE7-40A9-B858-DD2B62871928}.Debug|LoongArch64-ABI1.ActiveCfg = Debug|MIPS
		{C2228FA7-AAE7-40A9-B858-DD2B62871928}.Debug|LoongArch64-ABI1.Build.0 = Debug|MIPS
		{C2228FA7-AAE7-40A9-B858-DD2B62871928}.Debug|LoongArch64-ABI1.Deploy.0 = Debug|MIPS
		{C2228FA7-AAE7-40A9-B858-DD2B62871928}.Debug|x64.ActiveCfg = Debug|x64
		{C2228FA7-AAE7-40A9-B858-DD2B62871928}.Debug|x64.Build.0 = Debug|x64
		{C2228FA7-AAE7-40A9-B858-DD2B62871928}.Debug|x64.Deploy.0 = Debug|x64
		{C2228FA7-AAE7-40A9-B858-DD2B62871928}.Debug|x86.ActiveCfg = Debug|x86
		{C2228FA7-AAE7-40A9-B858-DD2B62871928}.Debug|x86.Build.0 = Debug|x86
		{C2228FA7-AAE7-40A9-B858-DD2B62871928}.Debug|x86.Deploy.0 = Debug|x86
		{C2228FA7-AAE7-40A9-B858-DD2B62871928}.Release|Any CPU.ActiveCfg = Release|x64
		{C2228FA7-AAE7-40A9-B858-DD2B62871928}.Release|Any CPU.Build.0 = Release|x64
		{C2228FA7-AAE7-40A9-B858-DD2B62871928}.Release|Any CPU.Deploy.0 = Release|x64
		{C2228FA7-AAE7-40A9-B858-DD2B62871928}.Release|ARM.ActiveCfg = Release|ARM
		{C2228FA7-AAE7-40A9-B858-DD2B62871928}.Release|ARM.Build.0 = Release|ARM
		{C2228FA7-AAE7-40A9-B858-DD2B62871928}.Release|ARM.Deploy.0 = Release|ARM
		{C2228FA7-AAE7-40A9-B858-DD2B62871928}.Release|ARM64.ActiveCfg = Release|ARM64
		{C2228FA7-AAE7-40A9-B858-DD2B62871928}.Release|ARM64.Build.0 = Release|ARM64
		{C2228FA7-AAE7-40A9-B858-DD2B62871928}.Release|ARM64.Deploy.0 = Release|ARM64
		{C2228FA7-AAE7-40A9-B858-DD2B62871928}.Release|LoongArch64-ABI1.ActiveCfg = Release|MIPS
		{C2228FA7-AAE7-40A9-B858-DD2B62871928}.Release|LoongArch64-ABI1.Build.0 = Release|MIPS
		{C2228FA7-AAE7-40A9-B858-DD2B62871928}.Release|LoongArch64-ABI1.Deploy.0 = Release|MIPS
		{C2228FA7-AAE7-40A9-B858-DD2B62871928}.Release|x64.ActiveCfg = Release|x64
		{C2228FA7-AAE7-40A9-B858-DD2B62871928}.Release|x64.Build.0 = Release|x64
		{C2228FA7-AAE7-40A9-B858-DD2B62871928}.Release|x64.Deploy.0 = Release|x64
		{C2228FA7-AAE7-40A9-B858-DD2B62871928}.Release|x86.ActiveCfg = Release|x86
		{C2228FA7-AAE7-40A9-B858-DD2B62871928}.Release|x86.Build.0 = Release|x86
		{C2228FA7-AAE7-40A9-B858-DD2B62871928}.Release|x86.Deploy.0 = Release|x86
		{88E8AE97-D78C-4DC3-9823-FAAD5FC4110F}.Debug|Any CPU.ActiveCfg = Debug|x64
		{88E8AE97-D78C-4DC3-9823-FAAD5FC4110F}.Debug|Any CPU.Build.0 = Debug|x64
		{88E8AE97-D78C-4DC3-9823-FAAD5FC4110F}.Debug|ARM.ActiveCfg = Debug|x64
		{88E8AE97-D78C-4DC3-9823-FAAD5FC4110F}.Debug|ARM.Build.0 = Debug|x64
		{88E8AE97-D78C-4DC3-9823-FAAD5FC4110F}.Debug|ARM64.ActiveCfg = Debug|x64
		{88E8AE97-D78C-4DC3-9823-FAAD5FC4110F}.Debug|ARM64.Build.0 = Debug|x64
		{88E8AE97-D78C-4DC3-9823-FAAD5FC4110F}.Debug|LoongArch64-ABI1.ActiveCfg = Debug|x64
		{88E8AE97-D78C-4DC3-9823-FAAD5FC4110F}.Debug|LoongArch64-ABI1.Build.0 = Debug|x64
		{88E8AE97-D78C-4DC3-9823-FAAD5FC4110F}.Debug|x64.ActiveCfg = Debug|x64
		{88E8AE97-D78C-4DC3-9823-FAAD5FC4110F}.Debug|x64.Build.0 = Debug|x64
		{88E8AE97-D78C-4DC3-9823-FAAD5FC4110F}.Debug|x86.ActiveCfg = Debug|Win32
		{88E8AE97-D78C-4DC3-9823-FAAD5FC4110F}.Debug|x86.Build.0 = Debug|Win32
		{88E8AE97-D78C-4DC3-9823-FAAD5FC4110F}.Release|Any CPU.ActiveCfg = Release|x64
		{88E8AE97-D78C-4DC3-9823-FAAD5FC4110F}.Release|Any CPU.Build.0 = Release|x64
		{88E8AE97-D78C-4DC3-9823-FAAD5FC4110F}.Release|ARM.ActiveCfg = Release|x64
		{88E8AE97-D78C-4DC3-9823-FAAD5FC4110F}.Release|ARM.Build.0 = Release|x64
		{88E8AE97-D78C-4DC3-9823-FAAD5FC4110F}.Release|ARM64.ActiveCfg = Release|x64
		{88E8AE97-D78C-4DC3-9823-FAAD5FC4110F}.Release|ARM64.Build.0 = Release|x64
		{88E8AE97-D78C-4DC3-9823-FAAD5FC4110F}.Release|LoongArch64-ABI1.ActiveCfg = Release|x64
		{88E8AE97-D78C-4DC3-9823-FAAD5FC4110F}.Release|LoongArch64-ABI1.Build.0 = Release|x64
		{88E8AE97-D78C-4DC3-9823-FAAD5FC4110F}.Release|x64.ActiveCfg = Release|x64
		{88E8AE97-D78C-4DC3-9823-FAAD5FC4110F}.Release|x64.Build.0 = Release|x64
		{88E8AE97-D78C-4DC3-9823-FAAD5FC4110F}.Release|x86.ActiveCfg = Release|Win32
		{88E8AE97-D78C-4DC3-9823-FAAD5FC4110F}.Release|x86.Build.0 = Release|Win32
		{A74EA158-58B6-4650-AAAE-63F98D68B55A}.Debug|Any CPU.ActiveCfg = Debug|Any CPU
		{A74EA158-58B6-4650-AAAE-63F98D68B55A}.Debug|Any CPU.Build.0 = Debug|Any CPU
		{A74EA158-58B6-4650-AAAE-63F98D68B55A}.Debug|ARM.ActiveCfg = Debug|Any CPU
		{A74EA158-58B6-4650-AAAE-63F98D68B55A}.Debug|ARM.Build.0 = Debug|Any CPU
		{A74EA158-58B6-4650-AAAE-63F98D68B55A}.Debug|ARM64.ActiveCfg = Debug|Any CPU
		{A74EA158-58B6-4650-AAAE-63F98D68B55A}.Debug|ARM64.Build.0 = Debug|Any CPU
		{A74EA158-58B6-4650-AAAE-63F98D68B55A}.Debug|LoongArch64-ABI1.ActiveCfg = Debug|Any CPU
		{A74EA158-58B6-4650-AAAE-63F98D68B55A}.Debug|LoongArch64-ABI1.Build.0 = Debug|Any CPU
		{A74EA158-58B6-4650-AAAE-63F98D68B55A}.Debug|x64.ActiveCfg = Debug|Any CPU
		{A74EA158-58B6-4650-AAAE-63F98D68B55A}.Debug|x64.Build.0 = Debug|Any CPU
		{A74EA158-58B6-4650-AAAE-63F98D68B55A}.Debug|x86.ActiveCfg = Debug|Any CPU
		{A74EA158-58B6-4650-AAAE-63F98D68B55A}.Debug|x86.Build.0 = Debug|Any CPU
		{A74EA158-58B6-4650-AAAE-63F98D68B55A}.Release|Any CPU.ActiveCfg = Release|Any CPU
		{A74EA158-58B6-4650-AAAE-63F98D68B55A}.Release|Any CPU.Build.0 = Release|Any CPU
		{A74EA158-58B6-4650-AAAE-63F98D68B55A}.Release|ARM.ActiveCfg = Release|Any CPU
		{A74EA158-58B6-4650-AAAE-63F98D68B55A}.Release|ARM.Build.0 = Release|Any CPU
		{A74EA158-58B6-4650-AAAE-63F98D68B55A}.Release|ARM64.ActiveCfg = Release|Any CPU
		{A74EA158-58B6-4650-AAAE-63F98D68B55A}.Release|ARM64.Build.0 = Release|Any CPU
		{A74EA158-58B6-4650-AAAE-63F98D68B55A}.Release|LoongArch64-ABI1.ActiveCfg = Release|Any CPU
		{A74EA158-58B6-4650-AAAE-63F98D68B55A}.Release|LoongArch64-ABI1.Build.0 = Release|Any CPU
		{A74EA158-58B6-4650-AAAE-63F98D68B55A}.Release|x64.ActiveCfg = Release|Any CPU
		{A74EA158-58B6-4650-AAAE-63F98D68B55A}.Release|x64.Build.0 = Release|Any CPU
		{A74EA158-58B6-4650-AAAE-63F98D68B55A}.Release|x86.ActiveCfg = Release|Any CPU
		{A74EA158-58B6-4650-AAAE-63F98D68B55A}.Release|x86.Build.0 = Release|Any CPU
		{CF4C5C17-B8C5-47B5-9ED6-A6F8C97C5649}.Debug|Any CPU.ActiveCfg = Debug|Any CPU
		{CF4C5C17-B8C5-47B5-9ED6-A6F8C97C5649}.Debug|Any CPU.Build.0 = Debug|Any CPU
		{CF4C5C17-B8C5-47B5-9ED6-A6F8C97C5649}.Debug|ARM.ActiveCfg = Debug|Any CPU
		{CF4C5C17-B8C5-47B5-9ED6-A6F8C97C5649}.Debug|ARM.Build.0 = Debug|Any CPU
		{CF4C5C17-B8C5-47B5-9ED6-A6F8C97C5649}.Debug|ARM64.ActiveCfg = Debug|Any CPU
		{CF4C5C17-B8C5-47B5-9ED6-A6F8C97C5649}.Debug|ARM64.Build.0 = Debug|Any CPU
		{CF4C5C17-B8C5-47B5-9ED6-A6F8C97C5649}.Debug|LoongArch64-ABI1.ActiveCfg = Debug|Any CPU
		{CF4C5C17-B8C5-47B5-9ED6-A6F8C97C5649}.Debug|LoongArch64-ABI1.Build.0 = Debug|Any CPU
		{CF4C5C17-B8C5-47B5-9ED6-A6F8C97C5649}.Debug|x64.ActiveCfg = Debug|Any CPU
		{CF4C5C17-B8C5-47B5-9ED6-A6F8C97C5649}.Debug|x64.Build.0 = Debug|Any CPU
		{CF4C5C17-B8C5-47B5-9ED6-A6F8C97C5649}.Debug|x86.ActiveCfg = Debug|Any CPU
		{CF4C5C17-B8C5-47B5-9ED6-A6F8C97C5649}.Debug|x86.Build.0 = Debug|Any CPU
		{CF4C5C17-B8C5-47B5-9ED6-A6F8C97C5649}.Release|Any CPU.ActiveCfg = Release|Any CPU
		{CF4C5C17-B8C5-47B5-9ED6-A6F8C97C5649}.Release|Any CPU.Build.0 = Release|Any CPU
		{CF4C5C17-B8C5-47B5-9ED6-A6F8C97C5649}.Release|ARM.ActiveCfg = Release|Any CPU
		{CF4C5C17-B8C5-47B5-9ED6-A6F8C97C5649}.Release|ARM.Build.0 = Release|Any CPU
		{CF4C5C17-B8C5-47B5-9ED6-A6F8C97C5649}.Release|ARM64.ActiveCfg = Release|Any CPU
		{CF4C5C17-B8C5-47B5-9ED6-A6F8C97C5649}.Release|ARM64.Build.0 = Release|Any CPU
		{CF4C5C17-B8C5-47B5-9ED6-A6F8C97C5649}.Release|LoongArch64-ABI1.ActiveCfg = Release|Any CPU
		{CF4C5C17-B8C5-47B5-9ED6-A6F8C97C5649}.Release|LoongArch64-ABI1.Build.0 = Release|Any CPU
		{CF4C5C17-B8C5-47B5-9ED6-A6F8C97C5649}.Release|x64.ActiveCfg = Release|Any CPU
		{CF4C5C17-B8C5-47B5-9ED6-A6F8C97C5649}.Release|x64.Build.0 = Release|Any CPU
		{CF4C5C17-B8C5-47B5-9ED6-A6F8C97C5649}.Release|x86.ActiveCfg = Release|Any CPU
		{CF4C5C17-B8C5-47B5-9ED6-A6F8C97C5649}.Release|x86.Build.0 = Release|Any CPU
		{2D086507-5E31-4F5C-9BF3-6EA89EEF8A9A}.Debug|Any CPU.ActiveCfg = Debug|Any CPU
		{2D086507-5E31-4F5C-9BF3-6EA89EEF8A9A}.Debug|Any CPU.Build.0 = Debug|Any CPU
		{2D086507-5E31-4F5C-9BF3-6EA89EEF8A9A}.Debug|ARM.ActiveCfg = Debug|Any CPU
		{2D086507-5E31-4F5C-9BF3-6EA89EEF8A9A}.Debug|ARM.Build.0 = Debug|Any CPU
		{2D086507-5E31-4F5C-9BF3-6EA89EEF8A9A}.Debug|ARM64.ActiveCfg = Debug|Any CPU
		{2D086507-5E31-4F5C-9BF3-6EA89EEF8A9A}.Debug|ARM64.Build.0 = Debug|Any CPU
		{2D086507-5E31-4F5C-9BF3-6EA89EEF8A9A}.Debug|LoongArch64-ABI1.ActiveCfg = Debug|Any CPU
		{2D086507-5E31-4F5C-9BF3-6EA89EEF8A9A}.Debug|LoongArch64-ABI1.Build.0 = Debug|Any CPU
		{2D086507-5E31-4F5C-9BF3-6EA89EEF8A9A}.Debug|x64.ActiveCfg = Debug|Any CPU
		{2D086507-5E31-4F5C-9BF3-6EA89EEF8A9A}.Debug|x64.Build.0 = Debug|Any CPU
		{2D086507-5E31-4F5C-9BF3-6EA89EEF8A9A}.Debug|x86.ActiveCfg = Debug|Any CPU
		{2D086507-5E31-4F5C-9BF3-6EA89EEF8A9A}.Debug|x86.Build.0 = Debug|Any CPU
		{2D086507-5E31-4F5C-9BF3-6EA89EEF8A9A}.Release|Any CPU.ActiveCfg = Release|Any CPU
		{2D086507-5E31-4F5C-9BF3-6EA89EEF8A9A}.Release|Any CPU.Build.0 = Release|Any CPU
		{2D086507-5E31-4F5C-9BF3-6EA89EEF8A9A}.Release|ARM.ActiveCfg = Release|Any CPU
		{2D086507-5E31-4F5C-9BF3-6EA89EEF8A9A}.Release|ARM.Build.0 = Release|Any CPU
		{2D086507-5E31-4F5C-9BF3-6EA89EEF8A9A}.Release|ARM64.ActiveCfg = Release|Any CPU
		{2D086507-5E31-4F5C-9BF3-6EA89EEF8A9A}.Release|ARM64.Build.0 = Release|Any CPU
		{2D086507-5E31-4F5C-9BF3-6EA89EEF8A9A}.Release|LoongArch64-ABI1.ActiveCfg = Release|Any CPU
		{2D086507-5E31-4F5C-9BF3-6EA89EEF8A9A}.Release|LoongArch64-ABI1.Build.0 = Release|Any CPU
		{2D086507-5E31-4F5C-9BF3-6EA89EEF8A9A}.Release|x64.ActiveCfg = Release|Any CPU
		{2D086507-5E31-4F5C-9BF3-6EA89EEF8A9A}.Release|x64.Build.0 = Release|Any CPU
		{2D086507-5E31-4F5C-9BF3-6EA89EEF8A9A}.Release|x86.ActiveCfg = Release|Any CPU
		{2D086507-5E31-4F5C-9BF3-6EA89EEF8A9A}.Release|x86.Build.0 = Release|Any CPU
		{BEB14A1E-6525-4293-9CEB-596A30C9992F}.Debug|Any CPU.ActiveCfg = Debug|Any CPU
		{BEB14A1E-6525-4293-9CEB-596A30C9992F}.Debug|Any CPU.Build.0 = Debug|Any CPU
		{BEB14A1E-6525-4293-9CEB-596A30C9992F}.Debug|ARM.ActiveCfg = Debug|Any CPU
		{BEB14A1E-6525-4293-9CEB-596A30C9992F}.Debug|ARM.Build.0 = Debug|Any CPU
		{BEB14A1E-6525-4293-9CEB-596A30C9992F}.Debug|ARM64.ActiveCfg = Debug|Any CPU
		{BEB14A1E-6525-4293-9CEB-596A30C9992F}.Debug|ARM64.Build.0 = Debug|Any CPU
		{BEB14A1E-6525-4293-9CEB-596A30C9992F}.Debug|LoongArch64-ABI1.ActiveCfg = Debug|Any CPU
		{BEB14A1E-6525-4293-9CEB-596A30C9992F}.Debug|LoongArch64-ABI1.Build.0 = Debug|Any CPU
		{BEB14A1E-6525-4293-9CEB-596A30C9992F}.Debug|x64.ActiveCfg = Debug|x64
		{BEB14A1E-6525-4293-9CEB-596A30C9992F}.Debug|x64.Build.0 = Debug|x64
		{BEB14A1E-6525-4293-9CEB-596A30C9992F}.Debug|x86.ActiveCfg = Debug|x86
		{BEB14A1E-6525-4293-9CEB-596A30C9992F}.Debug|x86.Build.0 = Debug|x86
		{BEB14A1E-6525-4293-9CEB-596A30C9992F}.Release|Any CPU.ActiveCfg = Release|Any CPU
		{BEB14A1E-6525-4293-9CEB-596A30C9992F}.Release|Any CPU.Build.0 = Release|Any CPU
		{BEB14A1E-6525-4293-9CEB-596A30C9992F}.Release|ARM.ActiveCfg = Release|Any CPU
		{BEB14A1E-6525-4293-9CEB-596A30C9992F}.Release|ARM.Build.0 = Release|Any CPU
		{BEB14A1E-6525-4293-9CEB-596A30C9992F}.Release|ARM64.ActiveCfg = Release|Any CPU
		{BEB14A1E-6525-4293-9CEB-596A30C9992F}.Release|ARM64.Build.0 = Release|Any CPU
		{BEB14A1E-6525-4293-9CEB-596A30C9992F}.Release|LoongArch64-ABI1.ActiveCfg = Release|Any CPU
		{BEB14A1E-6525-4293-9CEB-596A30C9992F}.Release|LoongArch64-ABI1.Build.0 = Release|Any CPU
		{BEB14A1E-6525-4293-9CEB-596A30C9992F}.Release|x64.ActiveCfg = Release|x64
		{BEB14A1E-6525-4293-9CEB-596A30C9992F}.Release|x64.Build.0 = Release|x64
		{BEB14A1E-6525-4293-9CEB-596A30C9992F}.Release|x86.ActiveCfg = Release|x86
		{BEB14A1E-6525-4293-9CEB-596A30C9992F}.Release|x86.Build.0 = Release|x86
		{9A3EFF18-0C61-4C16-9741-320E6B6D14F0}.Debug|Any CPU.ActiveCfg = Debug|Any CPU
		{9A3EFF18-0C61-4C16-9741-320E6B6D14F0}.Debug|Any CPU.Build.0 = Debug|Any CPU
		{9A3EFF18-0C61-4C16-9741-320E6B6D14F0}.Debug|ARM.ActiveCfg = Debug|Any CPU
		{9A3EFF18-0C61-4C16-9741-320E6B6D14F0}.Debug|ARM.Build.0 = Debug|Any CPU
		{9A3EFF18-0C61-4C16-9741-320E6B6D14F0}.Debug|ARM64.ActiveCfg = Debug|Any CPU
		{9A3EFF18-0C61-4C16-9741-320E6B6D14F0}.Debug|ARM64.Build.0 = Debug|Any CPU
		{9A3EFF18-0C61-4C16-9741-320E6B6D14F0}.Debug|LoongArch64-ABI1.ActiveCfg = Debug|Any CPU
		{9A3EFF18-0C61-4C16-9741-320E6B6D14F0}.Debug|LoongArch64-ABI1.Build.0 = Debug|Any CPU
		{9A3EFF18-0C61-4C16-9741-320E6B6D14F0}.Debug|x64.ActiveCfg = Debug|x64
		{9A3EFF18-0C61-4C16-9741-320E6B6D14F0}.Debug|x64.Build.0 = Debug|x64
		{9A3EFF18-0C61-4C16-9741-320E6B6D14F0}.Debug|x86.ActiveCfg = Debug|x86
		{9A3EFF18-0C61-4C16-9741-320E6B6D14F0}.Debug|x86.Build.0 = Debug|x86
		{9A3EFF18-0C61-4C16-9741-320E6B6D14F0}.Release|Any CPU.ActiveCfg = Release|Any CPU
		{9A3EFF18-0C61-4C16-9741-320E6B6D14F0}.Release|Any CPU.Build.0 = Release|Any CPU
		{9A3EFF18-0C61-4C16-9741-320E6B6D14F0}.Release|ARM.ActiveCfg = Release|Any CPU
		{9A3EFF18-0C61-4C16-9741-320E6B6D14F0}.Release|ARM.Build.0 = Release|Any CPU
		{9A3EFF18-0C61-4C16-9741-320E6B6D14F0}.Release|ARM64.ActiveCfg = Release|Any CPU
		{9A3EFF18-0C61-4C16-9741-320E6B6D14F0}.Release|ARM64.Build.0 = Release|Any CPU
		{9A3EFF18-0C61-4C16-9741-320E6B6D14F0}.Release|LoongArch64-ABI1.ActiveCfg = Release|Any CPU
		{9A3EFF18-0C61-4C16-9741-320E6B6D14F0}.Release|LoongArch64-ABI1.Build.0 = Release|Any CPU
		{9A3EFF18-0C61-4C16-9741-320E6B6D14F0}.Release|x64.ActiveCfg = Release|x64
		{9A3EFF18-0C61-4C16-9741-320E6B6D14F0}.Release|x64.Build.0 = Release|x64
		{9A3EFF18-0C61-4C16-9741-320E6B6D14F0}.Release|x86.ActiveCfg = Release|x86
		{9A3EFF18-0C61-4C16-9741-320E6B6D14F0}.Release|x86.Build.0 = Release|x86
		{828ECF52-ADCD-446B-A8A4-95033CDE4584}.Debug|Any CPU.ActiveCfg = Debug|Any CPU
		{828ECF52-ADCD-446B-A8A4-95033CDE4584}.Debug|Any CPU.Build.0 = Debug|Any CPU
		{828ECF52-ADCD-446B-A8A4-95033CDE4584}.Debug|ARM.ActiveCfg = Debug|Any CPU
		{828ECF52-ADCD-446B-A8A4-95033CDE4584}.Debug|ARM.Build.0 = Debug|Any CPU
		{828ECF52-ADCD-446B-A8A4-95033CDE4584}.Debug|ARM64.ActiveCfg = Debug|Any CPU
		{828ECF52-ADCD-446B-A8A4-95033CDE4584}.Debug|ARM64.Build.0 = Debug|Any CPU
		{828ECF52-ADCD-446B-A8A4-95033CDE4584}.Debug|LoongArch64-ABI1.ActiveCfg = Debug|Any CPU
		{828ECF52-ADCD-446B-A8A4-95033CDE4584}.Debug|LoongArch64-ABI1.Build.0 = Debug|Any CPU
		{828ECF52-ADCD-446B-A8A4-95033CDE4584}.Debug|x64.ActiveCfg = Debug|x64
		{828ECF52-ADCD-446B-A8A4-95033CDE4584}.Debug|x64.Build.0 = Debug|x64
		{828ECF52-ADCD-446B-A8A4-95033CDE4584}.Debug|x86.ActiveCfg = Debug|x86
		{828ECF52-ADCD-446B-A8A4-95033CDE4584}.Debug|x86.Build.0 = Debug|x86
		{828ECF52-ADCD-446B-A8A4-95033CDE4584}.Release|Any CPU.ActiveCfg = Release|Any CPU
		{828ECF52-ADCD-446B-A8A4-95033CDE4584}.Release|Any CPU.Build.0 = Release|Any CPU
		{828ECF52-ADCD-446B-A8A4-95033CDE4584}.Release|ARM.ActiveCfg = Release|Any CPU
		{828ECF52-ADCD-446B-A8A4-95033CDE4584}.Release|ARM.Build.0 = Release|Any CPU
		{828ECF52-ADCD-446B-A8A4-95033CDE4584}.Release|ARM64.ActiveCfg = Release|Any CPU
		{828ECF52-ADCD-446B-A8A4-95033CDE4584}.Release|ARM64.Build.0 = Release|Any CPU
		{828ECF52-ADCD-446B-A8A4-95033CDE4584}.Release|LoongArch64-ABI1.ActiveCfg = Release|Any CPU
		{828ECF52-ADCD-446B-A8A4-95033CDE4584}.Release|LoongArch64-ABI1.Build.0 = Release|Any CPU
		{828ECF52-ADCD-446B-A8A4-95033CDE4584}.Release|x64.ActiveCfg = Release|x64
		{828ECF52-ADCD-446B-A8A4-95033CDE4584}.Release|x64.Build.0 = Release|x64
		{828ECF52-ADCD-446B-A8A4-95033CDE4584}.Release|x86.ActiveCfg = Release|x86
		{828ECF52-ADCD-446B-A8A4-95033CDE4584}.Release|x86.Build.0 = Release|x86
		{0532EFB9-7F9C-4751-A6A0-DB42CDBFD890}.Debug|Any CPU.ActiveCfg = Debug|Any CPU
		{0532EFB9-7F9C-4751-A6A0-DB42CDBFD890}.Debug|Any CPU.Build.0 = Debug|Any CPU
		{0532EFB9-7F9C-4751-A6A0-DB42CDBFD890}.Debug|ARM.ActiveCfg = Debug|Any CPU
		{0532EFB9-7F9C-4751-A6A0-DB42CDBFD890}.Debug|ARM.Build.0 = Debug|Any CPU
		{0532EFB9-7F9C-4751-A6A0-DB42CDBFD890}.Debug|ARM64.ActiveCfg = Debug|Any CPU
		{0532EFB9-7F9C-4751-A6A0-DB42CDBFD890}.Debug|ARM64.Build.0 = Debug|Any CPU
		{0532EFB9-7F9C-4751-A6A0-DB42CDBFD890}.Debug|LoongArch64-ABI1.ActiveCfg = Debug|Any CPU
		{0532EFB9-7F9C-4751-A6A0-DB42CDBFD890}.Debug|LoongArch64-ABI1.Build.0 = Debug|Any CPU
		{0532EFB9-7F9C-4751-A6A0-DB42CDBFD890}.Debug|x64.ActiveCfg = Debug|x64
		{0532EFB9-7F9C-4751-A6A0-DB42CDBFD890}.Debug|x64.Build.0 = Debug|x64
		{0532EFB9-7F9C-4751-A6A0-DB42CDBFD890}.Debug|x86.ActiveCfg = Debug|x86
		{0532EFB9-7F9C-4751-A6A0-DB42CDBFD890}.Debug|x86.Build.0 = Debug|x86
		{0532EFB9-7F9C-4751-A6A0-DB42CDBFD890}.Release|Any CPU.ActiveCfg = Release|Any CPU
		{0532EFB9-7F9C-4751-A6A0-DB42CDBFD890}.Release|Any CPU.Build.0 = Release|Any CPU
		{0532EFB9-7F9C-4751-A6A0-DB42CDBFD890}.Release|ARM.ActiveCfg = Release|Any CPU
		{0532EFB9-7F9C-4751-A6A0-DB42CDBFD890}.Release|ARM.Build.0 = Release|Any CPU
		{0532EFB9-7F9C-4751-A6A0-DB42CDBFD890}.Release|ARM64.ActiveCfg = Release|Any CPU
		{0532EFB9-7F9C-4751-A6A0-DB42CDBFD890}.Release|ARM64.Build.0 = Release|Any CPU
		{0532EFB9-7F9C-4751-A6A0-DB42CDBFD890}.Release|LoongArch64-ABI1.ActiveCfg = Release|Any CPU
		{0532EFB9-7F9C-4751-A6A0-DB42CDBFD890}.Release|LoongArch64-ABI1.Build.0 = Release|Any CPU
		{0532EFB9-7F9C-4751-A6A0-DB42CDBFD890}.Release|x64.ActiveCfg = Release|x64
		{0532EFB9-7F9C-4751-A6A0-DB42CDBFD890}.Release|x64.Build.0 = Release|x64
		{0532EFB9-7F9C-4751-A6A0-DB42CDBFD890}.Release|x86.ActiveCfg = Release|x86
		{0532EFB9-7F9C-4751-A6A0-DB42CDBFD890}.Release|x86.Build.0 = Release|x86
		{AD34ECA2-0102-4568-9559-F40ADFE2885F}.Debug|Any CPU.ActiveCfg = Debug|Any CPU
		{AD34ECA2-0102-4568-9559-F40ADFE2885F}.Debug|Any CPU.Build.0 = Debug|Any CPU
		{AD34ECA2-0102-4568-9559-F40ADFE2885F}.Debug|ARM.ActiveCfg = Debug|Any CPU
		{AD34ECA2-0102-4568-9559-F40ADFE2885F}.Debug|ARM.Build.0 = Debug|Any CPU
		{AD34ECA2-0102-4568-9559-F40ADFE2885F}.Debug|ARM64.ActiveCfg = Debug|Any CPU
		{AD34ECA2-0102-4568-9559-F40ADFE2885F}.Debug|ARM64.Build.0 = Debug|Any CPU
		{AD34ECA2-0102-4568-9559-F40ADFE2885F}.Debug|LoongArch64-ABI1.ActiveCfg = Debug|Any CPU
		{AD34ECA2-0102-4568-9559-F40ADFE2885F}.Debug|LoongArch64-ABI1.Build.0 = Debug|Any CPU
		{AD34ECA2-0102-4568-9559-F40ADFE2885F}.Debug|x64.ActiveCfg = Debug|Any CPU
		{AD34ECA2-0102-4568-9559-F40ADFE2885F}.Debug|x64.Build.0 = Debug|Any CPU
		{AD34ECA2-0102-4568-9559-F40ADFE2885F}.Debug|x86.ActiveCfg = Debug|Any CPU
		{AD34ECA2-0102-4568-9559-F40ADFE2885F}.Debug|x86.Build.0 = Debug|Any CPU
		{AD34ECA2-0102-4568-9559-F40ADFE2885F}.Release|Any CPU.ActiveCfg = Release|Any CPU
		{AD34ECA2-0102-4568-9559-F40ADFE2885F}.Release|Any CPU.Build.0 = Release|Any CPU
		{AD34ECA2-0102-4568-9559-F40ADFE2885F}.Release|ARM.ActiveCfg = Release|Any CPU
		{AD34ECA2-0102-4568-9559-F40ADFE2885F}.Release|ARM.Build.0 = Release|Any CPU
		{AD34ECA2-0102-4568-9559-F40ADFE2885F}.Release|ARM64.ActiveCfg = Release|Any CPU
		{AD34ECA2-0102-4568-9559-F40ADFE2885F}.Release|ARM64.Build.0 = Release|Any CPU
		{AD34ECA2-0102-4568-9559-F40ADFE2885F}.Release|LoongArch64-ABI1.ActiveCfg = Release|Any CPU
		{AD34ECA2-0102-4568-9559-F40ADFE2885F}.Release|LoongArch64-ABI1.Build.0 = Release|Any CPU
		{AD34ECA2-0102-4568-9559-F40ADFE2885F}.Release|x64.ActiveCfg = Release|Any CPU
		{AD34ECA2-0102-4568-9559-F40ADFE2885F}.Release|x64.Build.0 = Release|Any CPU
		{AD34ECA2-0102-4568-9559-F40ADFE2885F}.Release|x86.ActiveCfg = Release|Any CPU
		{AD34ECA2-0102-4568-9559-F40ADFE2885F}.Release|x86.Build.0 = Release|Any CPU
		{58C272DD-CA10-4E06-A03B-16AC4BB58C5E}.Debug|Any CPU.ActiveCfg = Debug|Any CPU
		{58C272DD-CA10-4E06-A03B-16AC4BB58C5E}.Debug|Any CPU.Build.0 = Debug|Any CPU
		{58C272DD-CA10-4E06-A03B-16AC4BB58C5E}.Debug|ARM.ActiveCfg = Debug|Any CPU
		{58C272DD-CA10-4E06-A03B-16AC4BB58C5E}.Debug|ARM.Build.0 = Debug|Any CPU
		{58C272DD-CA10-4E06-A03B-16AC4BB58C5E}.Debug|ARM64.ActiveCfg = Debug|Any CPU
		{58C272DD-CA10-4E06-A03B-16AC4BB58C5E}.Debug|ARM64.Build.0 = Debug|Any CPU
		{58C272DD-CA10-4E06-A03B-16AC4BB58C5E}.Debug|LoongArch64-ABI1.ActiveCfg = Debug|Any CPU
		{58C272DD-CA10-4E06-A03B-16AC4BB58C5E}.Debug|LoongArch64-ABI1.Build.0 = Debug|Any CPU
		{58C272DD-CA10-4E06-A03B-16AC4BB58C5E}.Debug|x64.ActiveCfg = Debug|x64
		{58C272DD-CA10-4E06-A03B-16AC4BB58C5E}.Debug|x64.Build.0 = Debug|x64
		{58C272DD-CA10-4E06-A03B-16AC4BB58C5E}.Debug|x86.ActiveCfg = Debug|x86
		{58C272DD-CA10-4E06-A03B-16AC4BB58C5E}.Debug|x86.Build.0 = Debug|x86
		{58C272DD-CA10-4E06-A03B-16AC4BB58C5E}.Release|Any CPU.ActiveCfg = Release|Any CPU
		{58C272DD-CA10-4E06-A03B-16AC4BB58C5E}.Release|Any CPU.Build.0 = Release|Any CPU
		{58C272DD-CA10-4E06-A03B-16AC4BB58C5E}.Release|ARM.ActiveCfg = Release|Any CPU
		{58C272DD-CA10-4E06-A03B-16AC4BB58C5E}.Release|ARM.Build.0 = Release|Any CPU
		{58C272DD-CA10-4E06-A03B-16AC4BB58C5E}.Release|ARM64.ActiveCfg = Release|Any CPU
		{58C272DD-CA10-4E06-A03B-16AC4BB58C5E}.Release|ARM64.Build.0 = Release|Any CPU
		{58C272DD-CA10-4E06-A03B-16AC4BB58C5E}.Release|LoongArch64-ABI1.ActiveCfg = Release|Any CPU
		{58C272DD-CA10-4E06-A03B-16AC4BB58C5E}.Release|LoongArch64-ABI1.Build.0 = Release|Any CPU
		{58C272DD-CA10-4E06-A03B-16AC4BB58C5E}.Release|x64.ActiveCfg = Release|x64
		{58C272DD-CA10-4E06-A03B-16AC4BB58C5E}.Release|x64.Build.0 = Release|x64
		{58C272DD-CA10-4E06-A03B-16AC4BB58C5E}.Release|x86.ActiveCfg = Release|x86
		{58C272DD-CA10-4E06-A03B-16AC4BB58C5E}.Release|x86.Build.0 = Release|x86
		{8D12CE24-B009-44AB-A622-B6B44329F4D0}.Debug|Any CPU.ActiveCfg = Debug|x64
		{8D12CE24-B009-44AB-A622-B6B44329F4D0}.Debug|Any CPU.Build.0 = Debug|x64
		{8D12CE24-B009-44AB-A622-B6B44329F4D0}.Debug|ARM.ActiveCfg = Debug|x64
		{8D12CE24-B009-44AB-A622-B6B44329F4D0}.Debug|ARM.Build.0 = Debug|x64
		{8D12CE24-B009-44AB-A622-B6B44329F4D0}.Debug|ARM64.ActiveCfg = Debug|x64
		{8D12CE24-B009-44AB-A622-B6B44329F4D0}.Debug|ARM64.Build.0 = Debug|x64
		{8D12CE24-B009-44AB-A622-B6B44329F4D0}.Debug|LoongArch64-ABI1.ActiveCfg = Debug|Any CPU
		{8D12CE24-B009-44AB-A622-B6B44329F4D0}.Debug|LoongArch64-ABI1.Build.0 = Debug|Any CPU
		{8D12CE24-B009-44AB-A622-B6B44329F4D0}.Debug|x64.ActiveCfg = Debug|x64
		{8D12CE24-B009-44AB-A622-B6B44329F4D0}.Debug|x64.Build.0 = Debug|x64
		{8D12CE24-B009-44AB-A622-B6B44329F4D0}.Debug|x86.ActiveCfg = Debug|x86
		{8D12CE24-B009-44AB-A622-B6B44329F4D0}.Debug|x86.Build.0 = Debug|x86
		{8D12CE24-B009-44AB-A622-B6B44329F4D0}.Release|Any CPU.ActiveCfg = Release|x64
		{8D12CE24-B009-44AB-A622-B6B44329F4D0}.Release|Any CPU.Build.0 = Release|x64
		{8D12CE24-B009-44AB-A622-B6B44329F4D0}.Release|ARM.ActiveCfg = Release|x64
		{8D12CE24-B009-44AB-A622-B6B44329F4D0}.Release|ARM.Build.0 = Release|x64
		{8D12CE24-B009-44AB-A622-B6B44329F4D0}.Release|ARM64.ActiveCfg = Release|x64
		{8D12CE24-B009-44AB-A622-B6B44329F4D0}.Release|ARM64.Build.0 = Release|x64
		{8D12CE24-B009-44AB-A622-B6B44329F4D0}.Release|LoongArch64-ABI1.ActiveCfg = Release|x64
		{8D12CE24-B009-44AB-A622-B6B44329F4D0}.Release|LoongArch64-ABI1.Build.0 = Release|x64
		{8D12CE24-B009-44AB-A622-B6B44329F4D0}.Release|x64.ActiveCfg = Release|x64
		{8D12CE24-B009-44AB-A622-B6B44329F4D0}.Release|x64.Build.0 = Release|x64
		{8D12CE24-B009-44AB-A622-B6B44329F4D0}.Release|x86.ActiveCfg = Release|x86
		{8D12CE24-B009-44AB-A622-B6B44329F4D0}.Release|x86.Build.0 = Release|x86
		{742E85FF-2429-4469-9C8A-551B486E1D74}.Debug|Any CPU.ActiveCfg = Debug|Any CPU
		{742E85FF-2429-4469-9C8A-551B486E1D74}.Debug|Any CPU.Build.0 = Debug|Any CPU
		{742E85FF-2429-4469-9C8A-551B486E1D74}.Debug|ARM.ActiveCfg = Debug|Any CPU
		{742E85FF-2429-4469-9C8A-551B486E1D74}.Debug|ARM.Build.0 = Debug|Any CPU
		{742E85FF-2429-4469-9C8A-551B486E1D74}.Debug|ARM64.ActiveCfg = Debug|Any CPU
		{742E85FF-2429-4469-9C8A-551B486E1D74}.Debug|ARM64.Build.0 = Debug|Any CPU
		{742E85FF-2429-4469-9C8A-551B486E1D74}.Debug|LoongArch64-ABI1.ActiveCfg = Debug|Any CPU
		{742E85FF-2429-4469-9C8A-551B486E1D74}.Debug|LoongArch64-ABI1.Build.0 = Debug|Any CPU
		{742E85FF-2429-4469-9C8A-551B486E1D74}.Debug|x64.ActiveCfg = Debug|Any CPU
		{742E85FF-2429-4469-9C8A-551B486E1D74}.Debug|x64.Build.0 = Debug|Any CPU
		{742E85FF-2429-4469-9C8A-551B486E1D74}.Debug|x86.ActiveCfg = Debug|Any CPU
		{742E85FF-2429-4469-9C8A-551B486E1D74}.Debug|x86.Build.0 = Debug|Any CPU
		{742E85FF-2429-4469-9C8A-551B486E1D74}.Release|Any CPU.ActiveCfg = Release|Any CPU
		{742E85FF-2429-4469-9C8A-551B486E1D74}.Release|Any CPU.Build.0 = Release|Any CPU
		{742E85FF-2429-4469-9C8A-551B486E1D74}.Release|ARM.ActiveCfg = Release|Any CPU
		{742E85FF-2429-4469-9C8A-551B486E1D74}.Release|ARM.Build.0 = Release|Any CPU
		{742E85FF-2429-4469-9C8A-551B486E1D74}.Release|ARM64.ActiveCfg = Release|Any CPU
		{742E85FF-2429-4469-9C8A-551B486E1D74}.Release|ARM64.Build.0 = Release|Any CPU
		{742E85FF-2429-4469-9C8A-551B486E1D74}.Release|LoongArch64-ABI1.ActiveCfg = Release|Any CPU
		{742E85FF-2429-4469-9C8A-551B486E1D74}.Release|LoongArch64-ABI1.Build.0 = Release|Any CPU
		{742E85FF-2429-4469-9C8A-551B486E1D74}.Release|x64.ActiveCfg = Release|Any CPU
		{742E85FF-2429-4469-9C8A-551B486E1D74}.Release|x64.Build.0 = Release|Any CPU
		{742E85FF-2429-4469-9C8A-551B486E1D74}.Release|x86.ActiveCfg = Release|Any CPU
		{742E85FF-2429-4469-9C8A-551B486E1D74}.Release|x86.Build.0 = Release|Any CPU
	EndGlobalSection
	GlobalSection(SolutionProperties) = preSolution
		HideSolutionNode = FALSE
	EndGlobalSection
	GlobalSection(NestedProjects) = preSolution
		{2A695A8D-7E61-4050-8E0F-733C2F2A0F9C} = {8FD6FB52-6A56-4DA4-8B17-434D4D4A7942}
		{AC6C96C6-505A-459F-BD1C-7E5F8414A24C} = {8FD6FB52-6A56-4DA4-8B17-434D4D4A7942}
		{B6CA10C2-D666-487C-A589-421E62FF3B62} = {8FD6FB52-6A56-4DA4-8B17-434D4D4A7942}
		{2EC8076D-E848-4C45-B039-B5965B7ED66C} = {8FD6FB52-6A56-4DA4-8B17-434D4D4A7942}
		{D23065AE-90AD-464B-A42C-6F1C864EF2D2} = {788A56FD-BFD6-42C6-BA00-B4492D5DFDFA}
		{29767081-451F-4106-8D2C-7E77532622C7} = {788A56FD-BFD6-42C6-BA00-B4492D5DFDFA}
		{F0E66175-7835-4475-AC9D-E052E26F5531} = {788A56FD-BFD6-42C6-BA00-B4492D5DFDFA}
		{9346AFB0-C58D-4517-9012-99FB6960C4C1} = {788A56FD-BFD6-42C6-BA00-B4492D5DFDFA}
		{F554AC25-C497-475B-870E-F0F1D8CB7081} = {788A56FD-BFD6-42C6-BA00-B4492D5DFDFA}
		{54DEE0C3-A24B-41DF-9F0F-6E007E2FDAD1} = {788A56FD-BFD6-42C6-BA00-B4492D5DFDFA}
		{9ABA3C71-A7C1-44BD-97C8-9F62462C3435} = {788A56FD-BFD6-42C6-BA00-B4492D5DFDFA}
		{9FB11981-C477-4D74-A1BF-A05CA1BC2CAE} = {788A56FD-BFD6-42C6-BA00-B4492D5DFDFA}
		{6E8C58AE-D94A-4032-BFA3-8BDCBBFBBC96} = {788A56FD-BFD6-42C6-BA00-B4492D5DFDFA}
		{95536CF1-F46E-4DC6-8489-DF19717239C9} = {788A56FD-BFD6-42C6-BA00-B4492D5DFDFA}
		{69ADC8E9-4BFA-4F61-A20B-82463FAF2785} = {788A56FD-BFD6-42C6-BA00-B4492D5DFDFA}
		{7F32451C-329A-4B62-86E7-EC457C3B8D18} = {788A56FD-BFD6-42C6-BA00-B4492D5DFDFA}
		{6139D83D-C7C8-418D-902E-CA1E5EDAD610} = {788A56FD-BFD6-42C6-BA00-B4492D5DFDFA}
		{CB92750D-87A8-47D4-81F5-D67DA716E1F2} = {788A56FD-BFD6-42C6-BA00-B4492D5DFDFA}
		{CE3B5CF8-6073-4CA2-A5E4-34C7937A4840} = {788A56FD-BFD6-42C6-BA00-B4492D5DFDFA}
		{02EEF3BC-7EFA-4F2B-A850-9014B9FF99DC} = {B3011D64-BBB5-4308-A606-3B3704FD9953}
		{85093C14-6C8A-4B16-ADBC-172A2E954A46} = {B3011D64-BBB5-4308-A606-3B3704FD9953}
		{4DC006AA-4956-45C4-BFB7-63149B58B883} = {B3011D64-BBB5-4308-A606-3B3704FD9953}
		{F16308C5-6FC1-40B7-AE57-A3DF87E48B48} = {B3011D64-BBB5-4308-A606-3B3704FD9953}
		{59D7F386-8018-44BC-B2BD-6AB32A264EE1} = {0B935C7A-3976-4BEB-BE6C-C951C76E7177}
		{C2228FA7-AAE7-40A9-B858-DD2B62871928} = {2DFB9E35-AE35-497A-AECC-6B8C82BD42C7}
		{2DFB9E35-AE35-497A-AECC-6B8C82BD42C7} = {0B935C7A-3976-4BEB-BE6C-C951C76E7177}
		{88E8AE97-D78C-4DC3-9823-FAAD5FC4110F} = {9502BAAE-7B68-4AA2-82C8-B06486780929}
		{9502BAAE-7B68-4AA2-82C8-B06486780929} = {0B935C7A-3976-4BEB-BE6C-C951C76E7177}
		{A74EA158-58B6-4650-AAAE-63F98D68B55A} = {8FD6FB52-6A56-4DA4-8B17-434D4D4A7942}
		{CF4C5C17-B8C5-47B5-9ED6-A6F8C97C5649} = {8FD6FB52-6A56-4DA4-8B17-434D4D4A7942}
		{2D086507-5E31-4F5C-9BF3-6EA89EEF8A9A} = {788A56FD-BFD6-42C6-BA00-B4492D5DFDFA}
		{BEB14A1E-6525-4293-9CEB-596A30C9992F} = {CC95689A-4922-42BB-9D07-4394689218C7}
		{9A3EFF18-0C61-4C16-9741-320E6B6D14F0} = {CC95689A-4922-42BB-9D07-4394689218C7}
		{828ECF52-ADCD-446B-A8A4-95033CDE4584} = {CC95689A-4922-42BB-9D07-4394689218C7}
		{0532EFB9-7F9C-4751-A6A0-DB42CDBFD890} = {17B2A3E4-1737-4784-82A5-87A9F530978D}
		{AD34ECA2-0102-4568-9559-F40ADFE2885F} = {17B2A3E4-1737-4784-82A5-87A9F530978D}
		{58C272DD-CA10-4E06-A03B-16AC4BB58C5E} = {CC95689A-4922-42BB-9D07-4394689218C7}
		{8D12CE24-B009-44AB-A622-B6B44329F4D0} = {17B2A3E4-1737-4784-82A5-87A9F530978D}
		{742E85FF-2429-4469-9C8A-551B486E1D74} = {8FD6FB52-6A56-4DA4-8B17-434D4D4A7942}
	EndGlobalSection
	GlobalSection(ExtensibilityGlobals) = postSolution
		SolutionGuid = {18A17726-F1E8-45C2-BE5C-BAD4C1617400}
	EndGlobalSection
	GlobalSection(SharedMSBuildProjectFiles) = preSolution
		Bridges\Shared\Shared.vcxitems*{59d7f386-8018-44bc-b2bd-6ab32a264ee1}*SharedItemsImports = 9
		Bridges\Shared\Shared.vcxitems*{88e8ae97-d78c-4dc3-9823-faad5fc4110f}*SharedItemsImports = 4
		Bridges\Shared\Shared.vcxitems*{c2228fa7-aae7-40a9-b858-dd2b62871928}*SharedItemsImports = 4
	EndGlobalSection
EndGlobal
